
Microsoft Visual Studio Solution File, Format Version 12.00
# Visual Studio 15
Project("{FAE04EC0-301F-11D3-BF4B-00C04F79EFBC}") = "Unity.Timeline", "Unity.Timeline.csproj", "{8795486C-5DC2-6577-71AE-7F47BC4AD221}"
EndProject
Project("{FAE04EC0-301F-11D3-BF4B-00C04F79EFBC}") = "GameCreator.Runtime.Core", "GameCreator.Runtime.Core.csproj", "{464CF6CD-FD5C-15ED-765E-4A069EF4E08E}"
EndProject
Project("{FAE04EC0-301F-11D3-BF4B-00C04F79EFBC}") = "GameCreator.Runtime.Inventory", "GameCreator.Runtime.Inventory.csproj", "{5B774C87-07F8-11E6-6AE0-5177A9DEDACC}"
EndProject
Project("{FAE04EC0-301F-11D3-BF4B-00C04F79EFBC}") = "Unity.RenderPipelines.GPUDriven.Runtime", "Unity.RenderPipelines.GPUDriven.Runtime.csproj", "{94BC54DE-8007-D402-E664-5C7BB71E9064}"
EndProject
Project("{FAE04EC0-301F-11D3-BF4B-00C04F79EFBC}") = "UnityEngine.Advertisements.Editor", "UnityEngine.Advertisements.Editor.csproj", "{1A936995-66A1-DFA8-5F9B-2E9638F21A59}"
EndProject
Project("{FAE04EC0-301F-11D3-BF4B-00C04F79EFBC}") = "Unity.PlasticSCM.Editor", "Unity.PlasticSCM.Editor.csproj", "{744633B7-1E23-6A95-D62A-682EB737DC0B}"
EndProject
Project("{FAE04EC0-301F-11D3-BF4B-00C04F79EFBC}") = "Unity.Services.Core.Internal", "Unity.Services.Core.Internal.csproj", "{80222022-00C3-FF22-3DBF-7218CBD63FDE}"
EndProject
Project("{FAE04EC0-301F-11D3-BF4B-00C04F79EFBC}") = "Unity.ShaderGraph.Editor", "Unity.ShaderGraph.Editor.csproj", "{01323B79-7D16-94EE-A507-95EC546E1402}"
EndProject
Project("{FAE04EC0-301F-11D3-BF4B-00C04F79EFBC}") = "GameCreator.Runtime.Stats", "GameCreator.Runtime.Stats.csproj", "{1D2283F4-0D97-AF97-4895-E03803188176}"
EndProject
Project("{FAE04EC0-301F-11D3-BF4B-00C04F79EFBC}") = "Unity.RenderPipelines.Core.Runtime", "Unity.RenderPipelines.Core.Runtime.csproj", "{DA51EFF3-5713-9885-0312-DC8C99D64CD8}"
EndProject
Project("{FAE04EC0-301F-11D3-BF4B-00C04F79EFBC}") = "Unity.Mathematics", "Unity.Mathematics.csproj", "{B3B3C5F8-6242-662D-62A2-8A7A4B20FA8C}"
EndProject
Project("{FAE04EC0-301F-11D3-BF4B-00C04F79EFBC}") = "Unity.Timeline.Editor", "Unity.Timeline.Editor.csproj", "{298226E3-0983-8262-B14E-2AB9F4488579}"
EndProject
Project("{FAE04EC0-301F-11D3-BF4B-00C04F79EFBC}") = "Unity.Multiplayer.Center.Editor", "Unity.Multiplayer.Center.Editor.csproj", "{DC9E999B-013D-91A5-1DD6-5B3A090CBA35}"
EndProject
Project("{FAE04EC0-301F-11D3-BF4B-00C04F79EFBC}") = "GameCreator.Editor.Core", "GameCreator.Editor.Core.csproj", "{150E9BD3-B556-24BD-9B35-4FB7F8B9A338}"
EndProject
Project("{FAE04EC0-301F-11D3-BF4B-00C04F79EFBC}") = "Unity.Collections", "Unity.Collections.csproj", "{547BC03F-93F1-5ABE-9D82-0C220C25E940}"
EndProject
Project("{FAE04EC0-301F-11D3-BF4B-00C04F79EFBC}") = "UnityEngine.Advertisements", "UnityEngine.Advertisements.csproj", "{B18320AF-E0C5-7EDB-2CA0-9E86F3824571}"
EndProject
Project("{FAE04EC0-301F-11D3-BF4B-00C04F79EFBC}") = "UnityEngine.UI", "UnityEngine.UI.csproj", "{76954116-C65C-AA99-7D35-24B99CF52547}"
EndProject
Project("{FAE04EC0-301F-11D3-BF4B-00C04F79EFBC}") = "Unity.RenderPipelines.Universal.2D.Runtime", "Unity.RenderPipelines.Universal.2D.Runtime.csproj", "{09F8073B-81A0-9FA6-1E8C-0EED2E0383E6}"
EndProject
Project("{FAE04EC0-301F-11D3-BF4B-00C04F79EFBC}") = "GameCreator.Editor.Stats", "GameCreator.Editor.Stats.csproj", "{7B108C62-4819-B50C-F33B-FB2ACA5C4B4A}"
EndProject
Project("{FAE04EC0-301F-11D3-BF4B-00C04F79EFBC}") = "UnityEngine.Purchasing.Stores", "UnityEngine.Purchasing.Stores.csproj", "{7EE1D3DE-DADE-6DE4-9C3B-6B8F8E20DFAB}"
EndProject
Project("{FAE04EC0-301F-11D3-BF4B-00C04F79EFBC}") = "Unity.RenderPipelines.Core.Editor", "Unity.RenderPipelines.Core.Editor.csproj", "{572D168E-0795-F730-F6B1-E32CC29B6AF0}"
EndProject
Project("{FAE04EC0-301F-11D3-BF4B-00C04F79EFBC}") = "GameCreator.Editor.Inventory", "GameCreator.Editor.Inventory.csproj", "{E2253D04-6D1F-0A3C-1953-2F8038AEB489}"
EndProject
Project("{FAE04EC0-301F-11D3-BF4B-00C04F79EFBC}") = "Unity.RenderPipelines.Universal.Editor", "Unity.RenderPipelines.Universal.Editor.csproj", "{E6AA7A3B-6463-FC28-8B23-FFD8DC358ED5}"
EndProject
Project("{FAE04EC0-301F-11D3-BF4B-00C04F79EFBC}") = "Unity.PerformanceTesting.Editor", "Unity.PerformanceTesting.Editor.csproj", "{39F34D7B-6271-4711-1856-F4A248E9EA96}"
EndProject
Project("{FAE04EC0-301F-11D3-BF4B-00C04F79EFBC}") = "UnityEngine.TestRunner", "UnityEngine.TestRunner.csproj", "{E033F2E3-0A30-CEF6-4559-43B9B1DFC4C7}"
EndProject
Project("{FAE04EC0-301F-11D3-BF4B-00C04F79EFBC}") = "Unity.VisualScripting.Core.Editor", "Unity.VisualScripting.Core.Editor.csproj", "{B563E2A4-B80E-FB55-75A4-9B5DD8EC515A}"
EndProject
Project("{FAE04EC0-301F-11D3-BF4B-00C04F79EFBC}") = "Unity.Burst", "Unity.Burst.csproj", "{EFAB3CC4-1592-0EA3-9205-EB4E9DF6DED9}"
EndProject
Project("{FAE04EC0-301F-11D3-BF4B-00C04F79EFBC}") = "Unity.Services.Core.Environments.Editor", "Unity.Services.Core.Environments.Editor.csproj", "{2CB2DF5C-B0B7-BBE5-1748-E52E1341D860}"
EndProject
Project("{FAE04EC0-301F-11D3-BF4B-00C04F79EFBC}") = "GameCreator.Runtime.Melee", "GameCreator.Runtime.Melee.csproj", "{CD0A06E4-F4E4-DA31-1BC2-A02B308AEF2B}"
EndProject
Project("{FAE04EC0-301F-11D3-BF4B-00C04F79EFBC}") = "Unity.VisualScripting.Flow.Editor", "Unity.VisualScripting.Flow.Editor.csproj", "{ED2D4B56-1002-C3C4-8607-5FB787A34756}"
EndProject
Project("{FAE04EC0-301F-11D3-BF4B-00C04F79EFBC}") = "Unity.Services.Analytics", "Unity.Services.Analytics.csproj", "{23E4AC7C-711B-C5DA-725E-F91E069B809C}"
EndProject
Project("{FAE04EC0-301F-11D3-BF4B-00C04F79EFBC}") = "Unity.VisualStudio.Editor", "Unity.VisualStudio.Editor.csproj", "{0567E2A0-B22C-65C7-8F09-905E1F02258A}"
EndProject
Project("{FAE04EC0-301F-11D3-BF4B-00C04F79EFBC}") = "Unity.InputSystem", "Unity.InputSystem.csproj", "{C602BD18-3EF0-7185-C70E-DD9ED5E841BF}"
EndProject
Project("{FAE04EC0-301F-11D3-BF4B-00C04F79EFBC}") = "PPv2URPConverters", "PPv2URPConverters.csproj", "{1E122C3C-015B-3944-81F4-B6512FBD5EA3}"
EndProject
Project("{FAE04EC0-301F-11D3-BF4B-00C04F79EFBC}") = "Unity.Searcher.Editor", "Unity.Searcher.Editor.csproj", "{385BA025-E4A1-9047-5653-19596E3EC4EC}"
EndProject
Project("{FAE04EC0-301F-11D3-BF4B-00C04F79EFBC}") = "UnityEditor.TestRunner", "UnityEditor.TestRunner.csproj", "{CDCE293F-EFCF-C326-43A5-6D0FE69B7770}"
EndProject
Project("{FAE04EC0-301F-11D3-BF4B-00C04F79EFBC}") = "Unity.VisualScripting.Core", "Unity.VisualScripting.Core.csproj", "{EA5043DB-0548-0708-5568-C03D8D4A686E}"
EndProject
Project("{FAE04EC0-301F-11D3-BF4B-00C04F79EFBC}") = "Unity.RenderPipelines.Universal.Runtime", "Unity.RenderPipelines.Universal.Runtime.csproj", "{BE143CA9-9DE8-E6AD-C469-61B222001672}"
EndProject
Project("{FAE04EC0-301F-11D3-BF4B-00C04F79EFBC}") = "Unity.CollabProxy.Editor", "Unity.CollabProxy.Editor.csproj", "{856EC46D-988F-0A1F-8885-BE1E1CEAB771}"
EndProject
Project("{FAE04EC0-301F-11D3-BF4B-00C04F79EFBC}") = "Unity.AI.Navigation.Editor.ConversionSystem", "Unity.AI.Navigation.Editor.ConversionSystem.csproj", "{00AABBE5-B811-8869-6901-BF0632B7440C}"
EndProject
Project("{FAE04EC0-301F-11D3-BF4B-00C04F79EFBC}") = "Unity.VisualScripting.State.Editor", "Unity.VisualScripting.State.Editor.csproj", "{591B6631-E893-FF7C-21FC-152517788030}"
EndProject
Project("{FAE04EC0-301F-11D3-BF4B-00C04F79EFBC}") = "UnityEngine.Purchasing", "UnityEngine.Purchasing.csproj", "{02C5540F-CF74-BA94-1345-43A923B88B2D}"
EndProject
Project("{FAE04EC0-301F-11D3-BF4B-00C04F79EFBC}") = "Unity.Services.Core.Editor", "Unity.Services.Core.Editor.csproj", "{A5D31CC6-E1C3-ACCD-68B9-1BADCDBC8B1E}"
EndProject
Project("{FAE04EC0-301F-11D3-BF4B-00C04F79EFBC}") = "Unity.Burst.CodeGen", "Unity.Burst.CodeGen.csproj", "{4D5C3791-3DCB-EE35-322E-74152B371E11}"
EndProject
Project("{FAE04EC0-301F-11D3-BF4B-00C04F79EFBC}") = "Unity.Services.Core", "Unity.Services.Core.csproj", "{E7716E0D-1B10-F984-8662-38DF6A29E0F1}"
EndProject
Project("{FAE04EC0-301F-11D3-BF4B-00C04F79EFBC}") = "Unity.VisualScripting.Flow", "Unity.VisualScripting.Flow.csproj", "{6FB57A3A-1198-F471-4AF6-2DEEAEC7E064}"
EndProject
Project("{FAE04EC0-301F-11D3-BF4B-00C04F79EFBC}") = "Unity.PerformanceTesting", "Unity.PerformanceTesting.csproj", "{D0701DCA-01B3-8A81-2947-4175DC9CD315}"
EndProject
Project("{FAE04EC0-301F-11D3-BF4B-00C04F79EFBC}") = "Unity.TextMeshPro", "Unity.TextMeshPro.csproj", "{43629F4B-2263-6493-5866-37E8C1118778}"
EndProject
Project("{FAE04EC0-301F-11D3-BF4B-00C04F79EFBC}") = "UnityEditor.Purchasing", "UnityEditor.Purchasing.csproj", "{0EDD439D-3081-9A2D-47D1-99FFDF207CB6}"
EndProject
Project("{FAE04EC0-301F-11D3-BF4B-00C04F79EFBC}") = "Unity.TextMeshPro.Editor", "Unity.TextMeshPro.Editor.csproj", "{63D4F4D8-D1FC-C56E-C0B1-18E70E62F670}"
EndProject
Project("{FAE04EC0-301F-11D3-BF4B-00C04F79EFBC}") = "Unity.Rendering.LightTransport.Runtime", "Unity.Rendering.LightTransport.Runtime.csproj", "{61048913-0F8F-A44B-8D4F-8E2A5E06B30F}"
EndProject
Project("{FAE04EC0-301F-11D3-BF4B-00C04F79EFBC}") = "Unity.Services.Analytics.Editor", "Unity.Services.Analytics.Editor.csproj", "{85F75D33-0045-026A-E8F4-9E33CE4CC337}"
EndProject
Project("{FAE04EC0-301F-11D3-BF4B-00C04F79EFBC}") = "Unity.Burst.Editor", "Unity.Burst.Editor.csproj", "{3B6AE0C6-58EA-AD15-1457-CA47F492760C}"
EndProject
Project("{FAE04EC0-301F-11D3-BF4B-00C04F79EFBC}") = "Unity.Rider.Editor", "Unity.Rider.Editor.csproj", "{F1C23E30-096D-881A-CFE6-DB5268D4BADD}"
EndProject
Project("{FAE04EC0-301F-11D3-BF4B-00C04F79EFBC}") = "Unity.VisualScripting.State", "Unity.VisualScripting.State.csproj", "{E9C32A09-05BA-C65D-7893-A09F180542C4}"
EndProject
Project("{FAE04EC0-301F-11D3-BF4B-00C04F79EFBC}") = "UnityEngine.Purchasing.AppleMacosStub", "UnityEngine.Purchasing.AppleMacosStub.csproj", "{E7F1E656-9464-668D-8CFE-E3FFBEC60AF8}"
EndProject
Project("{FAE04EC0-301F-11D3-BF4B-00C04F79EFBC}") = "Unity.AI.Navigation.Updater", "Unity.AI.Navigation.Updater.csproj", "{0DA7B52C-6C1F-A790-72EC-BBD47DEA2738}"
EndProject
Project("{FAE04EC0-301F-11D3-BF4B-00C04F79EFBC}") = "UnityEngine.Purchasing.Codeless", "UnityEngine.Purchasing.Codeless.csproj", "{83467750-3944-7B13-F6CA-1C477AC2A523}"
EndProject
Project("{FAE04EC0-301F-11D3-BF4B-00C04F79EFBC}") = "UnityEditor.UI", "UnityEditor.UI.csproj", "{79E0B4C7-C1C2-E317-E459-0613A0C1F0B4}"
EndProject
Project("{FAE04EC0-301F-11D3-BF4B-00C04F79EFBC}") = "GameCreator.Editor.Melee", "GameCreator.Editor.Melee.csproj", "{ED58A72A-FFE4-C17E-87A7-8598E7821FF8}"
EndProject
Project("{FAE04EC0-301F-11D3-BF4B-00C04F79EFBC}") = "GameCreator.Tests.Core", "GameCreator.Tests.Core.csproj", "{1F3B8DC8-B3A3-9795-E8D7-E3EB1487D772}"
EndProject
Project("{FAE04EC0-301F-11D3-BF4B-00C04F79EFBC}") = "Unity.Analytics.DataPrivacy", "Unity.Analytics.DataPrivacy.csproj", "{DA1D2FD6-0E13-30B3-0756-901766742512}"
EndProject
Project("{FAE04EC0-301F-11D3-BF4B-00C04F79EFBC}") = "Unity.AI.Navigation.Editor", "Unity.AI.Navigation.Editor.csproj", "{81D82BE7-0058-C50B-B8C2-E896616B8380}"
EndProject
Project("{FAE04EC0-301F-11D3-BF4B-00C04F79EFBC}") = "UnityEngine.Advertisements.DevX.Editor", "UnityEngine.Advertisements.DevX.Editor.csproj", "{9AB97A38-5E3A-D7AC-B704-8D4E4C03D57D}"
EndProject
Project("{FAE04EC0-301F-11D3-BF4B-00C04F79EFBC}") = "Unity.Services.Core.Configuration.Editor", "Unity.Services.Core.Configuration.Editor.csproj", "{42EDE54F-AAD4-6DDD-2CD2-5CCE24FFF640}"
EndProject
Project("{FAE04EC0-301F-11D3-BF4B-00C04F79EFBC}") = "Unity.Services.Core.Configuration", "Unity.Services.Core.Configuration.csproj", "{B4D290CC-FE64-568B-0C78-5878FA71462A}"
EndProject
Project("{FAE04EC0-301F-11D3-BF4B-00C04F79EFBC}") = "Unity.Multiplayer.Center.Common", "Unity.Multiplayer.Center.Common.csproj", "{D7094640-280C-7A15-2A55-63AFCE5112E2}"
EndProject
Project("{FAE04EC0-301F-11D3-BF4B-00C04F79EFBC}") = "Unity.Services.Core.Environments.Internal", "Unity.Services.Core.Environments.Internal.csproj", "{026E352E-F2A4-EC7D-03CC-EAF27FF20292}"
EndProject
Project("{FAE04EC0-301F-11D3-BF4B-00C04F79EFBC}") = "Unity.InputSystem.ForUI", "Unity.InputSystem.ForUI.csproj", "{02BD8470-64E8-6064-6E5F-DF2066DA157A}"
EndProject
Project("{FAE04EC0-301F-11D3-BF4B-00C04F79EFBC}") = "UnityEngine.Purchasing.SecurityCore", "UnityEngine.Purchasing.SecurityCore.csproj", "{6479DA3C-F734-AF0E-9186-111B116F7C5A}"
EndProject
Project("{FAE04EC0-301F-11D3-BF4B-00C04F79EFBC}") = "Unity.AI.Navigation", "Unity.AI.Navigation.csproj", "{B8E375C8-BD83-D5DC-B234-F709EA90EE8F}"
EndProject
Project("{FAE04EC0-301F-11D3-BF4B-00C04F79EFBC}") = "Unity.Services.Core.Scheduler", "Unity.Services.Core.Scheduler.csproj", "{7A12035B-255B-273D-9065-544AE7BF34CD}"
EndProject
Project("{FAE04EC0-301F-11D3-BF4B-00C04F79EFBC}") = "Unity.Collections.CodeGen", "Unity.Collections.CodeGen.csproj", "{56B794A7-BDFC-4878-6358-1F5407D52DE6}"
EndProject
Project("{FAE04EC0-301F-11D3-BF4B-00C04F79EFBC}") = "Unity.Services.Core.Telemetry", "Unity.Services.Core.Telemetry.csproj", "{968EAB98-29DE-00B6-2E09-410C3D075FB6}"
EndProject
Project("{FAE04EC0-301F-11D3-BF4B-00C04F79EFBC}") = "Unity.Mathematics.Editor", "Unity.Mathematics.Editor.csproj", "{702CD070-87AA-6B44-AB04-F2F76EA7F8B2}"
EndProject
Project("{FAE04EC0-301F-11D3-BF4B-00C04F79EFBC}") = "Unity.VisualScripting.SettingsProvider.Editor", "Unity.VisualScripting.SettingsProvider.Editor.csproj", "{796D9F23-B409-D94E-F97A-1587468ABA4A}"
EndProject
Project("{FAE04EC0-301F-11D3-BF4B-00C04F79EFBC}") = "Purchasing.Common", "Purchasing.Common.csproj", "{A3A9C08C-AD4F-D6A4-0213-E272C925ABC6}"
EndProject
Project("{FAE04EC0-301F-11D3-BF4B-00C04F79EFBC}") = "Assembly-CSharp-Editor", "Assembly-CSharp-Editor.csproj", "{34FEA61F-DCA1-1F0C-9B57-4D4D8B0AA4A9}"
EndProject
Project("{FAE04EC0-301F-11D3-BF4B-00C04F79EFBC}") = "Unity.Services.Core.Threading", "Unity.Services.Core.Threading.csproj", "{2322DDB1-9347-9960-2528-E549A284C727}"
EndProject
Project("{FAE04EC0-301F-11D3-BF4B-00C04F79EFBC}") = "Unity.InputSystem.TestFramework", "Unity.InputSystem.TestFramework.csproj", "{96C1874B-F221-6F6E-405B-DED5A513F9F8}"
EndProject
Project("{FAE04EC0-301F-11D3-BF4B-00C04F79EFBC}") = "Unity.ShaderGraph.Utilities", "Unity.ShaderGraph.Utilities.csproj", "{3A12DE9D-7DD0-39E5-9067-C8D07BF24814}"
EndProject
Project("{FAE04EC0-301F-11D3-BF4B-00C04F79EFBC}") = "Unity.VisualScripting.Shared.Editor", "Unity.VisualScripting.Shared.Editor.csproj", "{CB9AB450-D79A-BC87-D11D-352E44AFF0BC}"
EndProject
Project("{FAE04EC0-301F-11D3-BF4B-00C04F79EFBC}") = "Unity.Services.Core.Device", "Unity.Services.Core.Device.csproj", "{81437E48-510D-85D4-9B71-31FE76105A4F}"
EndProject
Project("{FAE04EC0-301F-11D3-BF4B-00C04F79EFBC}") = "Unity.Services.Core.Analytics", "Unity.Services.Core.Analytics.csproj", "{C5346A85-53DB-8834-ADBF-BA7A90F144D4}"
EndProject
Project("{FAE04EC0-301F-11D3-BF4B-00C04F79EFBC}") = "Assembly-CSharp", "Assembly-CSharp.csproj", "{7748F6F6-C144-53A1-897E-44FAB81F5513}"
EndProject
Project("{FAE04EC0-301F-11D3-BF4B-00C04F79EFBC}") = "UnityEngine.Purchasing.AppleStub", "UnityEngine.Purchasing.AppleStub.csproj", "{3F1A6FA1-7DFA-400C-897D-59719E28DF7F}"
EndProject
Project("{FAE04EC0-301F-11D3-BF4B-00C04F79EFBC}") = "UnityEngine.Purchasing.AppleCore", "UnityEngine.Purchasing.AppleCore.csproj", "{14E5CFC5-288E-1C1C-F51B-B395A0375908}"
EndProject
Project("{FAE04EC0-301F-11D3-BF4B-00C04F79EFBC}") = "UnityEngine.Purchasing.SecurityStub", "UnityEngine.Purchasing.SecurityStub.csproj", "{73CDE716-DA9C-585E-A1AB-AFD70DC508FC}"
EndProject
Project("{FAE04EC0-301F-11D3-BF4B-00C04F79EFBC}") = "IAPResolver", "IAPResolver.csproj", "{61E85A9D-0548-C867-66CA-2575A2A28764}"
EndProject
Project("{FAE04EC0-301F-11D3-BF4B-00C04F79EFBC}") = "Unity.RenderPipeline.Universal.ShaderLibrary", "Unity.RenderPipeline.Universal.ShaderLibrary.csproj", "{54FF415D-E669-67DB-13DC-E6DC12CD04D8}"
EndProject
Project("{FAE04EC0-301F-11D3-BF4B-00C04F79EFBC}") = "UnityEngine.Purchasing.WinRTStub", "UnityEngine.Purchasing.WinRTStub.csproj", "{B47FC3EA-0E1A-42B9-A99A-601C63C54B6F}"
EndProject
Project("{FAE04EC0-301F-11D3-BF4B-00C04F79EFBC}") = "Unity.Services.Core.Registration", "Unity.Services.Core.Registration.csproj", "{292CAC8B-2676-A252-8EE1-47964E8918A5}"
EndProject
Project("{FAE04EC0-301F-11D3-BF4B-00C04F79EFBC}") = "UnityEngine.Purchasing.WinRTCore", "UnityEngine.Purchasing.WinRTCore.csproj", "{A8108118-9CFD-8FD9-DC20-286FA8B7735D}"
EndProject
Project("{FAE04EC0-301F-11D3-BF4B-00C04F79EFBC}") = "Unity.SysrootPackage.Editor", "Unity.SysrootPackage.Editor.csproj", "{7EDF7940-11A3-26D1-BDAF-8D565BCE7653}"
EndProject
Project("{FAE04EC0-301F-11D3-BF4B-00C04F79EFBC}") = "Unity.Rendering.LightTransport.Editor", "Unity.Rendering.LightTransport.Editor.csproj", "{0466A713-2C95-558F-D8AA-9F2B8FE64674}"
EndProject
Project("{FAE04EC0-301F-11D3-BF4B-00C04F79EFBC}") = "Unity.RenderPipelines.Universal.Shaders", "Unity.RenderPipelines.Universal.Shaders.csproj", "{7E5E8650-F9CC-53C1-F839-EC8140A8E7AF}"
EndProject
Project("{FAE04EC0-301F-11D3-BF4B-00C04F79EFBC}") = "Unity.RenderPipelines.Core.Runtime.Shared", "Unity.RenderPipelines.Core.Runtime.Shared.csproj", "{32AC10AC-C616-65A2-E394-58B171C7D6BB}"
EndProject
Project("{FAE04EC0-301F-11D3-BF4B-00C04F79EFBC}") = "Unity.Toolchain.Linux-x86_64", "Unity.Toolchain.Linux-x86_64.csproj", "{773ED9AB-B1BD-FB5E-6C09-E2640C7E50DD}"
EndProject
Project("{FAE04EC0-301F-11D3-BF4B-00C04F79EFBC}") = "Unity.Sysroot.Linux_x86_64", "Unity.Sysroot.Linux_x86_64.csproj", "{BE653E4E-7449-B3B3-04F9-0E6CD472A32F}"
EndProject
Project("{FAE04EC0-301F-11D3-BF4B-00C04F79EFBC}") = "Unity.Services.Core.Networking", "Unity.Services.Core.Networking.csproj", "{2C51D4F1-8191-8249-CF3E-F5FE8B0EAD1C}"
EndProject
Project("{FAE04EC0-301F-11D3-BF4B-00C04F79EFBC}") = "Analytics", "Analytics.csproj", "{B339287C-A44F-CFA4-C64C-7BB2400128C7}"
EndProject
Project("{FAE04EC0-301F-11D3-BF4B-00C04F79EFBC}") = "Unity.Services.Core.Environments", "Unity.Services.Core.Environments.csproj", "{CE60323B-78FF-6F47-1A70-CE78D58E1BF6}"
EndProject
Project("{FAE04EC0-301F-11D3-BF4B-00C04F79EFBC}") = "Unity.Collections.Editor", "Unity.Collections.Editor.csproj", "{9EC6D778-175F-AD7F-C65B-BC4965D4A86E}"
EndProject
Project("{FAE04EC0-301F-11D3-BF4B-00C04F79EFBC}") = "Unity.RenderPipelines.Universal.Config.Runtime", "Unity.RenderPipelines.Universal.Config.Runtime.csproj", "{106EEA82-4713-936E-6264-D05B6F9F03F5}"
EndProject
Project("{FAE04EC0-301F-11D3-BF4B-00C04F79EFBC}") = "Unity.RenderPipelines.ShaderGraph.ShaderGraphLibrary", "Unity.RenderPipelines.ShaderGraph.ShaderGraphLibrary.csproj", "{C1F72151-7E66-6F9A-E794-4BDEA44BE70C}"
EndProject
Project("{FAE04EC0-301F-11D3-BF4B-00C04F79EFBC}") = "Unity.RenderPipelines.Core.ShaderLibrary", "Unity.RenderPipelines.Core.ShaderLibrary.csproj", "{DE8276BD-432F-E75E-D5D0-C243E6A133F0}"
EndProject
Project("{FAE04EC0-301F-11D3-BF4B-00C04F79EFBC}") = "Unity.RenderPipelines.Core.Editor.Shared", "Unity.RenderPipelines.Core.Editor.Shared.csproj", "{AB9C829F-C523-55F1-2904-90163F6557CD}"
EndProject
Project("{FAE04EC0-301F-11D3-BF4B-00C04F79EFBC}") = "Unity.Timeline", "Unity.Timeline.Player.csproj", "{5CAF2B2B-478F-2770-41EC-90FB726546BE}"
EndProject
Project("{FAE04EC0-301F-11D3-BF4B-00C04F79EFBC}") = "GameCreator.Runtime.Core", "GameCreator.Runtime.Core.Player.csproj", "{B6FD3A49-8735-5DE5-E204-B7F94ACFE481}"
EndProject
Project("{FAE04EC0-301F-11D3-BF4B-00C04F79EFBC}") = "GameCreator.Runtime.Inventory", "GameCreator.Runtime.Inventory.Player.csproj", "{F8595CC8-B5D1-3666-55DA-7BC0B085FEF1}"
EndProject
Project("{FAE04EC0-301F-11D3-BF4B-00C04F79EFBC}") = "Unity.RenderPipelines.GPUDriven.Runtime", "Unity.RenderPipelines.GPUDriven.Runtime.Player.csproj", "{011A2D35-5FAA-F5AA-A13C-BED1E0487C6C}"
EndProject
Project("{FAE04EC0-301F-11D3-BF4B-00C04F79EFBC}") = "Unity.Services.Core.Internal", "Unity.Services.Core.Internal.Player.csproj", "{2F3DA778-7292-93F0-B42F-555C78B687ED}"
EndProject
Project("{FAE04EC0-301F-11D3-BF4B-00C04F79EFBC}") = "GameCreator.Runtime.Stats", "GameCreator.Runtime.Stats.Player.csproj", "{A1C2D7BB-A917-0ED1-6C08-3645D1846932}"
EndProject
Project("{FAE04EC0-301F-11D3-BF4B-00C04F79EFBC}") = "Unity.RenderPipelines.Core.Runtime", "Unity.RenderPipelines.Core.Runtime.Player.csproj", "{121A2D0D-BA85-CF02-9490-3659ED95E1AA}"
EndProject
Project("{FAE04EC0-301F-11D3-BF4B-00C04F79EFBC}") = "Unity.Mathematics", "Unity.Mathematics.Player.csproj", "{22B127FE-20B4-AEC2-3100-9B0A710B76FA}"
EndProject
Project("{FAE04EC0-301F-11D3-BF4B-00C04F79EFBC}") = "Unity.Collections", "Unity.Collections.Player.csproj", "{6DA2BAA7-6D60-1220-4A71-1ABBF4C7ECA6}"
EndProject
Project("{FAE04EC0-301F-11D3-BF4B-00C04F79EFBC}") = "UnityEngine.Advertisements", "UnityEngine.Advertisements.Player.csproj", "{D46D508A-A8F5-6391-5CCE-B1B16167AD6F}"
EndProject
Project("{FAE04EC0-301F-11D3-BF4B-00C04F79EFBC}") = "UnityEngine.UI", "UnityEngine.UI.Player.csproj", "{0997BBBA-2AA2-8286-BD27-DA3F57DFFC31}"
EndProject
Project("{FAE04EC0-301F-11D3-BF4B-00C04F79EFBC}") = "Unity.RenderPipelines.Universal.2D.Runtime", "Unity.RenderPipelines.Universal.2D.Runtime.Player.csproj", "{2B4AB653-368E-08E7-C446-07F87C243421}"
EndProject
Project("{FAE04EC0-301F-11D3-BF4B-00C04F79EFBC}") = "UnityEngine.Purchasing.Stores", "UnityEngine.Purchasing.Stores.Player.csproj", "{29448B64-2F45-C1C7-095E-410C24023E9C}"
EndProject
Project("{FAE04EC0-301F-11D3-BF4B-00C04F79EFBC}") = "UnityEngine.TestRunner", "UnityEngine.TestRunner.Player.csproj", "{D4FB5FEA-2680-056A-D563-A8423F3E6329}"
EndProject
Project("{FAE04EC0-301F-11D3-BF4B-00C04F79EFBC}") = "Unity.Burst", "Unity.Burst.Player.csproj", "{5C2F385F-3FAE-8B27-7FC9-E52AB61A0CEF}"
EndProject
Project("{FAE04EC0-301F-11D3-BF4B-00C04F79EFBC}") = "GameCreator.Runtime.Melee", "GameCreator.Runtime.Melee.Player.csproj", "{18C0C95B-473D-5F6E-48CC-02EA918F8FEC}"
EndProject
Project("{FAE04EC0-301F-11D3-BF4B-00C04F79EFBC}") = "Unity.Services.Analytics", "Unity.Services.Analytics.Player.csproj", "{9B1C27A0-8AED-AF06-A136-B85B60680118}"
EndProject
Project("{FAE04EC0-301F-11D3-BF4B-00C04F79EFBC}") = "Unity.InputSystem", "Unity.InputSystem.Player.csproj", "{58902B6A-9A7F-C5E1-BE1B-7DDBFB4A3899}"
EndProject
Project("{FAE04EC0-301F-11D3-BF4B-00C04F79EFBC}") = "Unity.VisualScripting.Core", "Unity.VisualScripting.Core.Player.csproj", "{5033FAF7-01C2-DFD6-8CB2-79ECA12FE9CF}"
EndProject
Project("{FAE04EC0-301F-11D3-BF4B-00C04F79EFBC}") = "Unity.RenderPipelines.Universal.Runtime", "Unity.RenderPipelines.Universal.Runtime.Player.csproj", "{BA2E566D-28A8-9025-37DA-5F7CA2883C73}"
EndProject
Project("{FAE04EC0-301F-11D3-BF4B-00C04F79EFBC}") = "UnityEngine.Purchasing", "UnityEngine.Purchasing.Player.csproj", "{3856DDA0-E877-2B06-9A49-6BE5FE7B3B27}"
EndProject
Project("{FAE04EC0-301F-11D3-BF4B-00C04F79EFBC}") = "Unity.Services.Core", "Unity.Services.Core.Player.csproj", "{72DB725F-9BED-F29C-89EF-0D55FE18A210}"
EndProject
Project("{FAE04EC0-301F-11D3-BF4B-00C04F79EFBC}") = "Unity.VisualScripting.Flow", "Unity.VisualScripting.Flow.Player.csproj", "{F28CF6D3-7057-71B0-316D-5A1A6F3FDAAD}"
EndProject
Project("{FAE04EC0-301F-11D3-BF4B-00C04F79EFBC}") = "Unity.PerformanceTesting", "Unity.PerformanceTesting.Player.csproj", "{30E1FF6F-4FBE-ECE6-CF4D-F6D8BD33D193}"
EndProject
Project("{FAE04EC0-301F-11D3-BF4B-00C04F79EFBC}") = "Unity.TextMeshPro", "Unity.TextMeshPro.Player.csproj", "{0B9162CD-A5E2-C39C-1189-1DE40E7B8489}"
EndProject
Project("{FAE04EC0-301F-11D3-BF4B-00C04F79EFBC}") = "Unity.Rendering.LightTransport.Runtime", "Unity.Rendering.LightTransport.Runtime.Player.csproj", "{EB1D3C60-2AA5-ED21-B13F-515DBE1E4E28}"
EndProject
Project("{FAE04EC0-301F-11D3-BF4B-00C04F79EFBC}") = "Unity.VisualScripting.State", "Unity.VisualScripting.State.Player.csproj", "{D4740714-BA7E-F443-1D41-758E27739911}"
EndProject
Project("{FAE04EC0-301F-11D3-BF4B-00C04F79EFBC}") = "UnityEngine.Purchasing.AppleMacosStub", "UnityEngine.Purchasing.AppleMacosStub.Player.csproj", "{CAAF508B-1D5E-84F4-73A3-9F436FEF6DAF}"
EndProject
Project("{FAE04EC0-301F-11D3-BF4B-00C04F79EFBC}") = "UnityEngine.Purchasing.Codeless", "UnityEngine.Purchasing.Codeless.Player.csproj", "{2EB159D4-69AB-3204-FD1F-7FC97BD52187}"
EndProject
Project("{FAE04EC0-301F-11D3-BF4B-00C04F79EFBC}") = "GameCreator.Tests.Core", "GameCreator.Tests.Core.Player.csproj", "{8BA1E455-B7C7-DC26-5638-8C47D6AC2F2F}"
EndProject
Project("{FAE04EC0-301F-11D3-BF4B-00C04F79EFBC}") = "Unity.Analytics.DataPrivacy", "Unity.Analytics.DataPrivacy.Player.csproj", "{B6AB45FE-3B03-9281-DB83-3BF4E1056C6D}"
EndProject
Project("{FAE04EC0-301F-11D3-BF4B-00C04F79EFBC}") = "Unity.Services.Core.Configuration", "Unity.Services.Core.Configuration.Player.csproj", "{0753FACB-2C35-23EB-ECD9-15249FC2C8D3}"
EndProject
Project("{FAE04EC0-301F-11D3-BF4B-00C04F79EFBC}") = "Unity.Multiplayer.Center.Common", "Unity.Multiplayer.Center.Common.Player.csproj", "{1BBA2307-0515-99FA-B44F-CB5473015010}"
EndProject
Project("{FAE04EC0-301F-11D3-BF4B-00C04F79EFBC}") = "Unity.Services.Core.Environments.Internal", "Unity.Services.Core.Environments.Internal.Player.csproj", "{8368F698-C8F2-7072-DFEF-C7A2C20D6819}"
EndProject
Project("{FAE04EC0-301F-11D3-BF4B-00C04F79EFBC}") = "Unity.InputSystem.ForUI", "Unity.InputSystem.ForUI.Player.csproj", "{B7E8803A-67B9-3737-6566-247A7E20D1ED}"
EndProject
Project("{FAE04EC0-301F-11D3-BF4B-00C04F79EFBC}") = "UnityEngine.Purchasing.SecurityCore", "UnityEngine.Purchasing.SecurityCore.Player.csproj", "{2082FCB7-A694-553B-903C-90D89875AA7A}"
EndProject
Project("{FAE04EC0-301F-11D3-BF4B-00C04F79EFBC}") = "Unity.AI.Navigation", "Unity.AI.Navigation.Player.csproj", "{E2C8C73E-92E9-1708-6E01-91EBA0247615}"
EndProject
Project("{FAE04EC0-301F-11D3-BF4B-00C04F79EFBC}") = "Unity.Services.Core.Scheduler", "Unity.Services.Core.Scheduler.Player.csproj", "{DD0A32B3-EE8C-EB6E-708E-7D63C2CD749B}"
EndProject
Project("{FAE04EC0-301F-11D3-BF4B-00C04F79EFBC}") = "Unity.Services.Core.Telemetry", "Unity.Services.Core.Telemetry.Player.csproj", "{3A355A19-97D7-F3AB-AF29-9C44EDCADA61}"
EndProject
Project("{FAE04EC0-301F-11D3-BF4B-00C04F79EFBC}") = "Purchasing.Common", "Purchasing.Common.Player.csproj", "{C3304E6C-B649-63B7-89A2-32BC0770A96F}"
EndProject
Project("{FAE04EC0-301F-11D3-BF4B-00C04F79EFBC}") = "Unity.Services.Core.Threading", "Unity.Services.Core.Threading.Player.csproj", "{30076FF5-7436-2083-B9BA-8E6326E8369D}"
EndProject
Project("{FAE04EC0-301F-11D3-BF4B-00C04F79EFBC}") = "Unity.InputSystem.TestFramework", "Unity.InputSystem.TestFramework.Player.csproj", "{31F70E68-22C5-D20D-6732-6A9E5FEAD3CD}"
EndProject
Project("{FAE04EC0-301F-11D3-BF4B-00C04F79EFBC}") = "Unity.Services.Core.Device", "Unity.Services.Core.Device.Player.csproj", "{AF856B7E-4677-27D2-70AF-238CE278D25E}"
EndProject
Project("{FAE04EC0-301F-11D3-BF4B-00C04F79EFBC}") = "Unity.Services.Core.Analytics", "Unity.Services.Core.Analytics.Player.csproj", "{48A56D1A-BA01-59BD-C8D1-27CD3571E921}"
EndProject
Project("{FAE04EC0-301F-11D3-BF4B-00C04F79EFBC}") = "Assembly-CSharp", "Assembly-CSharp.Player.csproj", "{03D09C53-CB33-E0FD-6D87-A9E60E694649}"
EndProject
Project("{FAE04EC0-301F-11D3-BF4B-00C04F79EFBC}") = "UnityEngine.Purchasing.AppleStub", "UnityEngine.Purchasing.AppleStub.Player.csproj", "{19C20D2C-463B-AD82-4DC9-C10D092F5FDB}"
EndProject
Project("{FAE04EC0-301F-11D3-BF4B-00C04F79EFBC}") = "UnityEngine.Purchasing.AppleCore", "UnityEngine.Purchasing.AppleCore.Player.csproj", "{54A6664C-6278-15BC-525C-702FBE89772C}"
EndProject
Project("{FAE04EC0-301F-11D3-BF4B-00C04F79EFBC}") = "UnityEngine.Purchasing.SecurityStub", "UnityEngine.Purchasing.SecurityStub.Player.csproj", "{A011676A-B570-69D8-E4C3-181743F624DA}"
EndProject
Project("{FAE04EC0-301F-11D3-BF4B-00C04F79EFBC}") = "Unity.RenderPipeline.Universal.ShaderLibrary", "Unity.RenderPipeline.Universal.ShaderLibrary.Player.csproj", "{B6E5F9DF-8D08-6911-AE01-C179BBBD0C82}"
EndProject
Project("{FAE04EC0-301F-11D3-BF4B-00C04F79EFBC}") = "UnityEngine.Purchasing.WinRTStub", "UnityEngine.Purchasing.WinRTStub.Player.csproj", "{3E808423-308E-4F50-ED2A-CF9E146B4C6C}"
EndProject
Project("{FAE04EC0-301F-11D3-BF4B-00C04F79EFBC}") = "Unity.Services.Core.Registration", "Unity.Services.Core.Registration.Player.csproj", "{D70916A3-4857-59D5-E9EF-CCCFCDE3306B}"
EndProject
Project("{FAE04EC0-301F-11D3-BF4B-00C04F79EFBC}") = "UnityEngine.Purchasing.WinRTCore", "UnityEngine.Purchasing.WinRTCore.Player.csproj", "{FB6A6C30-7191-5466-DFA7-A0EA0B198769}"
EndProject
Project("{FAE04EC0-301F-11D3-BF4B-00C04F79EFBC}") = "Unity.RenderPipelines.Universal.Shaders", "Unity.RenderPipelines.Universal.Shaders.Player.csproj", "{A229B400-710A-9E38-0728-B303F18045F2}"
EndProject
Project("{FAE04EC0-301F-11D3-BF4B-00C04F79EFBC}") = "Unity.RenderPipelines.Core.Runtime.Shared", "Unity.RenderPipelines.Core.Runtime.Shared.Player.csproj", "{09A82D66-81E4-3700-3187-480817E76898}"
EndProject
Project("{FAE04EC0-301F-11D3-BF4B-00C04F79EFBC}") = "Unity.Services.Core.Networking", "Unity.Services.Core.Networking.Player.csproj", "{C92DC005-E559-25B2-A7D4-14569C56B171}"
EndProject
Project("{FAE04EC0-301F-11D3-BF4B-00C04F79EFBC}") = "Unity.Services.Core.Environments", "Unity.Services.Core.Environments.Player.csproj", "{12E47E50-8FB1-144B-EF8F-A53BD2DCBC32}"
EndProject
Project("{FAE04EC0-301F-11D3-BF4B-00C04F79EFBC}") = "Unity.RenderPipelines.Universal.Config.Runtime", "Unity.RenderPipelines.Universal.Config.Runtime.Player.csproj", "{58D0B209-3DED-E0DB-D4AB-1851B14389DA}"
EndProject
Project("{FAE04EC0-301F-11D3-BF4B-00C04F79EFBC}") = "Unity.RenderPipelines.ShaderGraph.ShaderGraphLibrary", "Unity.RenderPipelines.ShaderGraph.ShaderGraphLibrary.Player.csproj", "{7A323D7C-5FFE-A7D5-9F40-597F02B937BB}"
EndProject
Project("{FAE04EC0-301F-11D3-BF4B-00C04F79EFBC}") = "Unity.RenderPipelines.Core.ShaderLibrary", "Unity.RenderPipelines.Core.ShaderLibrary.Player.csproj", "{EE440B3C-89EB-2032-5360-009058504D31}"
EndProject
Global
	GlobalSection(SolutionConfigurationPlatforms) = preSolution
		Debug|Any CPU = Debug|Any CPU
		Release|Any CPU = Release|Any CPU
	EndGlobalSection
	GlobalSection(ProjectConfigurationPlatforms) = postSolution
		{8795486C-5DC2-6577-71AE-7F47BC4AD221}.Debug|Any CPU.ActiveCfg = Debug|Any CPU
		{8795486C-5DC2-6577-71AE-7F47BC4AD221}.Debug|Any CPU.Build.0 = Debug|Any CPU
		{8795486C-5DC2-6577-71AE-7F47BC4AD221}.Release|Any CPU.ActiveCfg = Release|Any CPU
		{8795486C-5DC2-6577-71AE-7F47BC4AD221}.Release|Any CPU.Build.0 = Release|Any CPU
		{464CF6CD-FD5C-15ED-765E-4A069EF4E08E}.Debug|Any CPU.ActiveCfg = Debug|Any CPU
		{464CF6CD-FD5C-15ED-765E-4A069EF4E08E}.Debug|Any CPU.Build.0 = Debug|Any CPU
		{464CF6CD-FD5C-15ED-765E-4A069EF4E08E}.Release|Any CPU.ActiveCfg = Release|Any CPU
		{464CF6CD-FD5C-15ED-765E-4A069EF4E08E}.Release|Any CPU.Build.0 = Release|Any CPU
		{5B774C87-07F8-11E6-6AE0-5177A9DEDACC}.Debug|Any CPU.ActiveCfg = Debug|Any CPU
		{5B774C87-07F8-11E6-6AE0-5177A9DEDACC}.Debug|Any CPU.Build.0 = Debug|Any CPU
		{5B774C87-07F8-11E6-6AE0-5177A9DEDACC}.Release|Any CPU.ActiveCfg = Release|Any CPU
		{5B774C87-07F8-11E6-6AE0-5177A9DEDACC}.Release|Any CPU.Build.0 = Release|Any CPU
		{94BC54DE-8007-D402-E664-5C7BB71E9064}.Debug|Any CPU.ActiveCfg = Debug|Any CPU
		{94BC54DE-8007-D402-E664-5C7BB71E9064}.Debug|Any CPU.Build.0 = Debug|Any CPU
		{94BC54DE-8007-D402-E664-5C7BB71E9064}.Release|Any CPU.ActiveCfg = Release|Any CPU
		{94BC54DE-8007-D402-E664-5C7BB71E9064}.Release|Any CPU.Build.0 = Release|Any CPU
		{1A936995-66A1-DFA8-5F9B-2E9638F21A59}.Debug|Any CPU.ActiveCfg = Debug|Any CPU
		{1A936995-66A1-DFA8-5F9B-2E9638F21A59}.Debug|Any CPU.Build.0 = Debug|Any CPU
		{1A936995-66A1-DFA8-5F9B-2E9638F21A59}.Release|Any CPU.ActiveCfg = Release|Any CPU
		{1A936995-66A1-DFA8-5F9B-2E9638F21A59}.Release|Any CPU.Build.0 = Release|Any CPU
		{744633B7-1E23-6A95-D62A-682EB737DC0B}.Debug|Any CPU.ActiveCfg = Debug|Any CPU
		{744633B7-1E23-6A95-D62A-682EB737DC0B}.Debug|Any CPU.Build.0 = Debug|Any CPU
		{744633B7-1E23-6A95-D62A-682EB737DC0B}.Release|Any CPU.ActiveCfg = Release|Any CPU
		{744633B7-1E23-6A95-D62A-682EB737DC0B}.Release|Any CPU.Build.0 = Release|Any CPU
		{80222022-00C3-FF22-3DBF-7218CBD63FDE}.Debug|Any CPU.ActiveCfg = Debug|Any CPU
		{80222022-00C3-FF22-3DBF-7218CBD63FDE}.Debug|Any CPU.Build.0 = Debug|Any CPU
		{80222022-00C3-FF22-3DBF-7218CBD63FDE}.Release|Any CPU.ActiveCfg = Release|Any CPU
		{80222022-00C3-FF22-3DBF-7218CBD63FDE}.Release|Any CPU.Build.0 = Release|Any CPU
		{01323B79-7D16-94EE-A507-95EC546E1402}.Debug|Any CPU.ActiveCfg = Debug|Any CPU
		{01323B79-7D16-94EE-A507-95EC546E1402}.Debug|Any CPU.Build.0 = Debug|Any CPU
		{01323B79-7D16-94EE-A507-95EC546E1402}.Release|Any CPU.ActiveCfg = Release|Any CPU
		{01323B79-7D16-94EE-A507-95EC546E1402}.Release|Any CPU.Build.0 = Release|Any CPU
		{1D2283F4-0D97-AF97-4895-E03803188176}.Debug|Any CPU.ActiveCfg = Debug|Any CPU
		{1D2283F4-0D97-AF97-4895-E03803188176}.Debug|Any CPU.Build.0 = Debug|Any CPU
		{1D2283F4-0D97-AF97-4895-E03803188176}.Release|Any CPU.ActiveCfg = Release|Any CPU
		{1D2283F4-0D97-AF97-4895-E03803188176}.Release|Any CPU.Build.0 = Release|Any CPU
		{DA51EFF3-5713-9885-0312-DC8C99D64CD8}.Debug|Any CPU.ActiveCfg = Debug|Any CPU
		{DA51EFF3-5713-9885-0312-DC8C99D64CD8}.Debug|Any CPU.Build.0 = Debug|Any CPU
		{DA51EFF3-5713-9885-0312-DC8C99D64CD8}.Release|Any CPU.ActiveCfg = Release|Any CPU
		{DA51EFF3-5713-9885-0312-DC8C99D64CD8}.Release|Any CPU.Build.0 = Release|Any CPU
		{B3B3C5F8-6242-662D-62A2-8A7A4B20FA8C}.Debug|Any CPU.ActiveCfg = Debug|Any CPU
		{B3B3C5F8-6242-662D-62A2-8A7A4B20FA8C}.Debug|Any CPU.Build.0 = Debug|Any CPU
		{B3B3C5F8-6242-662D-62A2-8A7A4B20FA8C}.Release|Any CPU.ActiveCfg = Release|Any CPU
		{B3B3C5F8-6242-662D-62A2-8A7A4B20FA8C}.Release|Any CPU.Build.0 = Release|Any CPU
		{298226E3-0983-8262-B14E-2AB9F4488579}.Debug|Any CPU.ActiveCfg = Debug|Any CPU
		{298226E3-0983-8262-B14E-2AB9F4488579}.Debug|Any CPU.Build.0 = Debug|Any CPU
		{298226E3-0983-8262-B14E-2AB9F4488579}.Release|Any CPU.ActiveCfg = Release|Any CPU
		{298226E3-0983-8262-B14E-2AB9F4488579}.Release|Any CPU.Build.0 = Release|Any CPU
		{DC9E999B-013D-91A5-1DD6-5B3A090CBA35}.Debug|Any CPU.ActiveCfg = Debug|Any CPU
		{DC9E999B-013D-91A5-1DD6-5B3A090CBA35}.Debug|Any CPU.Build.0 = Debug|Any CPU
		{DC9E999B-013D-91A5-1DD6-5B3A090CBA35}.Release|Any CPU.ActiveCfg = Release|Any CPU
		{DC9E999B-013D-91A5-1DD6-5B3A090CBA35}.Release|Any CPU.Build.0 = Release|Any CPU
		{150E9BD3-B556-24BD-9B35-4FB7F8B9A338}.Debug|Any CPU.ActiveCfg = Debug|Any CPU
		{150E9BD3-B556-24BD-9B35-4FB7F8B9A338}.Debug|Any CPU.Build.0 = Debug|Any CPU
		{150E9BD3-B556-24BD-9B35-4FB7F8B9A338}.Release|Any CPU.ActiveCfg = Release|Any CPU
		{150E9BD3-B556-24BD-9B35-4FB7F8B9A338}.Release|Any CPU.Build.0 = Release|Any CPU
		{547BC03F-93F1-5ABE-9D82-0C220C25E940}.Debug|Any CPU.ActiveCfg = Debug|Any CPU
		{547BC03F-93F1-5ABE-9D82-0C220C25E940}.Debug|Any CPU.Build.0 = Debug|Any CPU
		{547BC03F-93F1-5ABE-9D82-0C220C25E940}.Release|Any CPU.ActiveCfg = Release|Any CPU
		{547BC03F-93F1-5ABE-9D82-0C220C25E940}.Release|Any CPU.Build.0 = Release|Any CPU
		{B18320AF-E0C5-7EDB-2CA0-9E86F3824571}.Debug|Any CPU.ActiveCfg = Debug|Any CPU
		{B18320AF-E0C5-7EDB-2CA0-9E86F3824571}.Debug|Any CPU.Build.0 = Debug|Any CPU
		{B18320AF-E0C5-7EDB-2CA0-9E86F3824571}.Release|Any CPU.ActiveCfg = Release|Any CPU
		{B18320AF-E0C5-7EDB-2CA0-9E86F3824571}.Release|Any CPU.Build.0 = Release|Any CPU
		{76954116-C65C-AA99-7D35-24B99CF52547}.Debug|Any CPU.ActiveCfg = Debug|Any CPU
		{76954116-C65C-AA99-7D35-24B99CF52547}.Debug|Any CPU.Build.0 = Debug|Any CPU
		{76954116-C65C-AA99-7D35-24B99CF52547}.Release|Any CPU.ActiveCfg = Release|Any CPU
		{76954116-C65C-AA99-7D35-24B99CF52547}.Release|Any CPU.Build.0 = Release|Any CPU
		{09F8073B-81A0-9FA6-1E8C-0EED2E0383E6}.Debug|Any CPU.ActiveCfg = Debug|Any CPU
		{09F8073B-81A0-9FA6-1E8C-0EED2E0383E6}.Debug|Any CPU.Build.0 = Debug|Any CPU
		{09F8073B-81A0-9FA6-1E8C-0EED2E0383E6}.Release|Any CPU.ActiveCfg = Release|Any CPU
		{09F8073B-81A0-9FA6-1E8C-0EED2E0383E6}.Release|Any CPU.Build.0 = Release|Any CPU
		{7B108C62-4819-B50C-F33B-FB2ACA5C4B4A}.Debug|Any CPU.ActiveCfg = Debug|Any CPU
		{7B108C62-4819-B50C-F33B-FB2ACA5C4B4A}.Debug|Any CPU.Build.0 = Debug|Any CPU
		{7B108C62-4819-B50C-F33B-FB2ACA5C4B4A}.Release|Any CPU.ActiveCfg = Release|Any CPU
		{7B108C62-4819-B50C-F33B-FB2ACA5C4B4A}.Release|Any CPU.Build.0 = Release|Any CPU
		{7EE1D3DE-DADE-6DE4-9C3B-6B8F8E20DFAB}.Debug|Any CPU.ActiveCfg = Debug|Any CPU
		{7EE1D3DE-DADE-6DE4-9C3B-6B8F8E20DFAB}.Debug|Any CPU.Build.0 = Debug|Any CPU
		{7EE1D3DE-DADE-6DE4-9C3B-6B8F8E20DFAB}.Release|Any CPU.ActiveCfg = Release|Any CPU
		{7EE1D3DE-DADE-6DE4-9C3B-6B8F8E20DFAB}.Release|Any CPU.Build.0 = Release|Any CPU
		{572D168E-0795-F730-F6B1-E32CC29B6AF0}.Debug|Any CPU.ActiveCfg = Debug|Any CPU
		{572D168E-0795-F730-F6B1-E32CC29B6AF0}.Debug|Any CPU.Build.0 = Debug|Any CPU
		{572D168E-0795-F730-F6B1-E32CC29B6AF0}.Release|Any CPU.ActiveCfg = Release|Any CPU
		{572D168E-0795-F730-F6B1-E32CC29B6AF0}.Release|Any CPU.Build.0 = Release|Any CPU
		{E2253D04-6D1F-0A3C-1953-2F8038AEB489}.Debug|Any CPU.ActiveCfg = Debug|Any CPU
		{E2253D04-6D1F-0A3C-1953-2F8038AEB489}.Debug|Any CPU.Build.0 = Debug|Any CPU
		{E2253D04-6D1F-0A3C-1953-2F8038AEB489}.Release|Any CPU.ActiveCfg = Release|Any CPU
		{E2253D04-6D1F-0A3C-1953-2F8038AEB489}.Release|Any CPU.Build.0 = Release|Any CPU
		{E6AA7A3B-6463-FC28-8B23-FFD8DC358ED5}.Debug|Any CPU.ActiveCfg = Debug|Any CPU
		{E6AA7A3B-6463-FC28-8B23-FFD8DC358ED5}.Debug|Any CPU.Build.0 = Debug|Any CPU
		{E6AA7A3B-6463-FC28-8B23-FFD8DC358ED5}.Release|Any CPU.ActiveCfg = Release|Any CPU
		{E6AA7A3B-6463-FC28-8B23-FFD8DC358ED5}.Release|Any CPU.Build.0 = Release|Any CPU
		{39F34D7B-6271-4711-1856-F4A248E9EA96}.Debug|Any CPU.ActiveCfg = Debug|Any CPU
		{39F34D7B-6271-4711-1856-F4A248E9EA96}.Debug|Any CPU.Build.0 = Debug|Any CPU
		{39F34D7B-6271-4711-1856-F4A248E9EA96}.Release|Any CPU.ActiveCfg = Release|Any CPU
		{39F34D7B-6271-4711-1856-F4A248E9EA96}.Release|Any CPU.Build.0 = Release|Any CPU
		{E033F2E3-0A30-CEF6-4559-43B9B1DFC4C7}.Debug|Any CPU.ActiveCfg = Debug|Any CPU
		{E033F2E3-0A30-CEF6-4559-43B9B1DFC4C7}.Debug|Any CPU.Build.0 = Debug|Any CPU
		{E033F2E3-0A30-CEF6-4559-43B9B1DFC4C7}.Release|Any CPU.ActiveCfg = Release|Any CPU
		{E033F2E3-0A30-CEF6-4559-43B9B1DFC4C7}.Release|Any CPU.Build.0 = Release|Any CPU
		{B563E2A4-B80E-FB55-75A4-9B5DD8EC515A}.Debug|Any CPU.ActiveCfg = Debug|Any CPU
		{B563E2A4-B80E-FB55-75A4-9B5DD8EC515A}.Debug|Any CPU.Build.0 = Debug|Any CPU
		{B563E2A4-B80E-FB55-75A4-9B5DD8EC515A}.Release|Any CPU.ActiveCfg = Release|Any CPU
		{B563E2A4-B80E-FB55-75A4-9B5DD8EC515A}.Release|Any CPU.Build.0 = Release|Any CPU
		{EFAB3CC4-1592-0EA3-9205-EB4E9DF6DED9}.Debug|Any CPU.ActiveCfg = Debug|Any CPU
		{EFAB3CC4-1592-0EA3-9205-EB4E9DF6DED9}.Debug|Any CPU.Build.0 = Debug|Any CPU
		{EFAB3CC4-1592-0EA3-9205-EB4E9DF6DED9}.Release|Any CPU.ActiveCfg = Release|Any CPU
		{EFAB3CC4-1592-0EA3-9205-EB4E9DF6DED9}.Release|Any CPU.Build.0 = Release|Any CPU
		{2CB2DF5C-B0B7-BBE5-1748-E52E1341D860}.Debug|Any CPU.ActiveCfg = Debug|Any CPU
		{2CB2DF5C-B0B7-BBE5-1748-E52E1341D860}.Debug|Any CPU.Build.0 = Debug|Any CPU
		{2CB2DF5C-B0B7-BBE5-1748-E52E1341D860}.Release|Any CPU.ActiveCfg = Release|Any CPU
		{2CB2DF5C-B0B7-BBE5-1748-E52E1341D860}.Release|Any CPU.Build.0 = Release|Any CPU
		{CD0A06E4-F4E4-DA31-1BC2-A02B308AEF2B}.Debug|Any CPU.ActiveCfg = Debug|Any CPU
		{CD0A06E4-F4E4-DA31-1BC2-A02B308AEF2B}.Debug|Any CPU.Build.0 = Debug|Any CPU
		{CD0A06E4-F4E4-DA31-1BC2-A02B308AEF2B}.Release|Any CPU.ActiveCfg = Release|Any CPU
		{CD0A06E4-F4E4-DA31-1BC2-A02B308AEF2B}.Release|Any CPU.Build.0 = Release|Any CPU
		{ED2D4B56-1002-C3C4-8607-5FB787A34756}.Debug|Any CPU.ActiveCfg = Debug|Any CPU
		{ED2D4B56-1002-C3C4-8607-5FB787A34756}.Debug|Any CPU.Build.0 = Debug|Any CPU
		{ED2D4B56-1002-C3C4-8607-5FB787A34756}.Release|Any CPU.ActiveCfg = Release|Any CPU
		{ED2D4B56-1002-C3C4-8607-5FB787A34756}.Release|Any CPU.Build.0 = Release|Any CPU
		{23E4AC7C-711B-C5DA-725E-F91E069B809C}.Debug|Any CPU.ActiveCfg = Debug|Any CPU
		{23E4AC7C-711B-C5DA-725E-F91E069B809C}.Debug|Any CPU.Build.0 = Debug|Any CPU
		{23E4AC7C-711B-C5DA-725E-F91E069B809C}.Release|Any CPU.ActiveCfg = Release|Any CPU
		{23E4AC7C-711B-C5DA-725E-F91E069B809C}.Release|Any CPU.Build.0 = Release|Any CPU
		{0567E2A0-B22C-65C7-8F09-905E1F02258A}.Debug|Any CPU.ActiveCfg = Debug|Any CPU
		{0567E2A0-B22C-65C7-8F09-905E1F02258A}.Debug|Any CPU.Build.0 = Debug|Any CPU
		{0567E2A0-B22C-65C7-8F09-905E1F02258A}.Release|Any CPU.ActiveCfg = Release|Any CPU
		{0567E2A0-B22C-65C7-8F09-905E1F02258A}.Release|Any CPU.Build.0 = Release|Any CPU
		{C602BD18-3EF0-7185-C70E-DD9ED5E841BF}.Debug|Any CPU.ActiveCfg = Debug|Any CPU
		{C602BD18-3EF0-7185-C70E-DD9ED5E841BF}.Debug|Any CPU.Build.0 = Debug|Any CPU
		{C602BD18-3EF0-7185-C70E-DD9ED5E841BF}.Release|Any CPU.ActiveCfg = Release|Any CPU
		{C602BD18-3EF0-7185-C70E-DD9ED5E841BF}.Release|Any CPU.Build.0 = Release|Any CPU
		{1E122C3C-015B-3944-81F4-B6512FBD5EA3}.Debug|Any CPU.ActiveCfg = Debug|Any CPU
		{1E122C3C-015B-3944-81F4-B6512FBD5EA3}.Debug|Any CPU.Build.0 = Debug|Any CPU
		{1E122C3C-015B-3944-81F4-B6512FBD5EA3}.Release|Any CPU.ActiveCfg = Release|Any CPU
		{1E122C3C-015B-3944-81F4-B6512FBD5EA3}.Release|Any CPU.Build.0 = Release|Any CPU
		{385BA025-E4A1-9047-5653-19596E3EC4EC}.Debug|Any CPU.ActiveCfg = Debug|Any CPU
		{385BA025-E4A1-9047-5653-19596E3EC4EC}.Debug|Any CPU.Build.0 = Debug|Any CPU
		{385BA025-E4A1-9047-5653-19596E3EC4EC}.Release|Any CPU.ActiveCfg = Release|Any CPU
		{385BA025-E4A1-9047-5653-19596E3EC4EC}.Release|Any CPU.Build.0 = Release|Any CPU
		{CDCE293F-EFCF-C326-43A5-6D0FE69B7770}.Debug|Any CPU.ActiveCfg = Debug|Any CPU
		{CDCE293F-EFCF-C326-43A5-6D0FE69B7770}.Debug|Any CPU.Build.0 = Debug|Any CPU
		{CDCE293F-EFCF-C326-43A5-6D0FE69B7770}.Release|Any CPU.ActiveCfg = Release|Any CPU
		{CDCE293F-EFCF-C326-43A5-6D0FE69B7770}.Release|Any CPU.Build.0 = Release|Any CPU
		{EA5043DB-0548-0708-5568-C03D8D4A686E}.Debug|Any CPU.ActiveCfg = Debug|Any CPU
		{EA5043DB-0548-0708-5568-C03D8D4A686E}.Debug|Any CPU.Build.0 = Debug|Any CPU
		{EA5043DB-0548-0708-5568-C03D8D4A686E}.Release|Any CPU.ActiveCfg = Release|Any CPU
		{EA5043DB-0548-0708-5568-C03D8D4A686E}.Release|Any CPU.Build.0 = Release|Any CPU
		{BE143CA9-9DE8-E6AD-C469-61B222001672}.Debug|Any CPU.ActiveCfg = Debug|Any CPU
		{BE143CA9-9DE8-E6AD-C469-61B222001672}.Debug|Any CPU.Build.0 = Debug|Any CPU
		{BE143CA9-9DE8-E6AD-C469-61B222001672}.Release|Any CPU.ActiveCfg = Release|Any CPU
		{BE143CA9-9DE8-E6AD-C469-61B222001672}.Release|Any CPU.Build.0 = Release|Any CPU
		{856EC46D-988F-0A1F-8885-BE1E1CEAB771}.Debug|Any CPU.ActiveCfg = Debug|Any CPU
		{856EC46D-988F-0A1F-8885-BE1E1CEAB771}.Debug|Any CPU.Build.0 = Debug|Any CPU
		{856EC46D-988F-0A1F-8885-BE1E1CEAB771}.Release|Any CPU.ActiveCfg = Release|Any CPU
		{856EC46D-988F-0A1F-8885-BE1E1CEAB771}.Release|Any CPU.Build.0 = Release|Any CPU
		{00AABBE5-B811-8869-6901-BF0632B7440C}.Debug|Any CPU.ActiveCfg = Debug|Any CPU
		{00AABBE5-B811-8869-6901-BF0632B7440C}.Debug|Any CPU.Build.0 = Debug|Any CPU
		{00AABBE5-B811-8869-6901-BF0632B7440C}.Release|Any CPU.ActiveCfg = Release|Any CPU
		{00AABBE5-B811-8869-6901-BF0632B7440C}.Release|Any CPU.Build.0 = Release|Any CPU
		{591B6631-E893-FF7C-21FC-152517788030}.Debug|Any CPU.ActiveCfg = Debug|Any CPU
		{591B6631-E893-FF7C-21FC-152517788030}.Debug|Any CPU.Build.0 = Debug|Any CPU
		{591B6631-E893-FF7C-21FC-152517788030}.Release|Any CPU.ActiveCfg = Release|Any CPU
		{591B6631-E893-FF7C-21FC-152517788030}.Release|Any CPU.Build.0 = Release|Any CPU
		{02C5540F-CF74-BA94-1345-43A923B88B2D}.Debug|Any CPU.ActiveCfg = Debug|Any CPU
		{02C5540F-CF74-BA94-1345-43A923B88B2D}.Debug|Any CPU.Build.0 = Debug|Any CPU
		{02C5540F-CF74-BA94-1345-43A923B88B2D}.Release|Any CPU.ActiveCfg = Release|Any CPU
		{02C5540F-CF74-BA94-1345-43A923B88B2D}.Release|Any CPU.Build.0 = Release|Any CPU
		{A5D31CC6-E1C3-ACCD-68B9-1BADCDBC8B1E}.Debug|Any CPU.ActiveCfg = Debug|Any CPU
		{A5D31CC6-E1C3-ACCD-68B9-1BADCDBC8B1E}.Debug|Any CPU.Build.0 = Debug|Any CPU
		{A5D31CC6-E1C3-ACCD-68B9-1BADCDBC8B1E}.Release|Any CPU.ActiveCfg = Release|Any CPU
		{A5D31CC6-E1C3-ACCD-68B9-1BADCDBC8B1E}.Release|Any CPU.Build.0 = Release|Any CPU
		{4D5C3791-3DCB-EE35-322E-74152B371E11}.Debug|Any CPU.ActiveCfg = Debug|Any CPU
		{4D5C3791-3DCB-EE35-322E-74152B371E11}.Debug|Any CPU.Build.0 = Debug|Any CPU
		{4D5C3791-3DCB-EE35-322E-74152B371E11}.Release|Any CPU.ActiveCfg = Release|Any CPU
		{4D5C3791-3DCB-EE35-322E-74152B371E11}.Release|Any CPU.Build.0 = Release|Any CPU
		{E7716E0D-1B10-F984-8662-38DF6A29E0F1}.Debug|Any CPU.ActiveCfg = Debug|Any CPU
		{E7716E0D-1B10-F984-8662-38DF6A29E0F1}.Debug|Any CPU.Build.0 = Debug|Any CPU
		{E7716E0D-1B10-F984-8662-38DF6A29E0F1}.Release|Any CPU.ActiveCfg = Release|Any CPU
		{E7716E0D-1B10-F984-8662-38DF6A29E0F1}.Release|Any CPU.Build.0 = Release|Any CPU
		{6FB57A3A-1198-F471-4AF6-2DEEAEC7E064}.Debug|Any CPU.ActiveCfg = Debug|Any CPU
		{6FB57A3A-1198-F471-4AF6-2DEEAEC7E064}.Debug|Any CPU.Build.0 = Debug|Any CPU
		{6FB57A3A-1198-F471-4AF6-2DEEAEC7E064}.Release|Any CPU.ActiveCfg = Release|Any CPU
		{6FB57A3A-1198-F471-4AF6-2DEEAEC7E064}.Release|Any CPU.Build.0 = Release|Any CPU
		{D0701DCA-01B3-8A81-2947-4175DC9CD315}.Debug|Any CPU.ActiveCfg = Debug|Any CPU
		{D0701DCA-01B3-8A81-2947-4175DC9CD315}.Debug|Any CPU.Build.0 = Debug|Any CPU
		{D0701DCA-01B3-8A81-2947-4175DC9CD315}.Release|Any CPU.ActiveCfg = Release|Any CPU
		{D0701DCA-01B3-8A81-2947-4175DC9CD315}.Release|Any CPU.Build.0 = Release|Any CPU
		{43629F4B-2263-6493-5866-37E8C1118778}.Debug|Any CPU.ActiveCfg = Debug|Any CPU
		{43629F4B-2263-6493-5866-37E8C1118778}.Debug|Any CPU.Build.0 = Debug|Any CPU
		{43629F4B-2263-6493-5866-37E8C1118778}.Release|Any CPU.ActiveCfg = Release|Any CPU
		{43629F4B-2263-6493-5866-37E8C1118778}.Release|Any CPU.Build.0 = Release|Any CPU
		{0EDD439D-3081-9A2D-47D1-99FFDF207CB6}.Debug|Any CPU.ActiveCfg = Debug|Any CPU
		{0EDD439D-3081-9A2D-47D1-99FFDF207CB6}.Debug|Any CPU.Build.0 = Debug|Any CPU
		{0EDD439D-3081-9A2D-47D1-99FFDF207CB6}.Release|Any CPU.ActiveCfg = Release|Any CPU
		{0EDD439D-3081-9A2D-47D1-99FFDF207CB6}.Release|Any CPU.Build.0 = Release|Any CPU
		{63D4F4D8-D1FC-C56E-C0B1-18E70E62F670}.Debug|Any CPU.ActiveCfg = Debug|Any CPU
		{63D4F4D8-D1FC-C56E-C0B1-18E70E62F670}.Debug|Any CPU.Build.0 = Debug|Any CPU
		{63D4F4D8-D1FC-C56E-C0B1-18E70E62F670}.Release|Any CPU.ActiveCfg = Release|Any CPU
		{63D4F4D8-D1FC-C56E-C0B1-18E70E62F670}.Release|Any CPU.Build.0 = Release|Any CPU
		{61048913-0F8F-A44B-8D4F-8E2A5E06B30F}.Debug|Any CPU.ActiveCfg = Debug|Any CPU
		{61048913-0F8F-A44B-8D4F-8E2A5E06B30F}.Debug|Any CPU.Build.0 = Debug|Any CPU
		{61048913-0F8F-A44B-8D4F-8E2A5E06B30F}.Release|Any CPU.ActiveCfg = Release|Any CPU
		{61048913-0F8F-A44B-8D4F-8E2A5E06B30F}.Release|Any CPU.Build.0 = Release|Any CPU
		{85F75D33-0045-026A-E8F4-9E33CE4CC337}.Debug|Any CPU.ActiveCfg = Debug|Any CPU
		{85F75D33-0045-026A-E8F4-9E33CE4CC337}.Debug|Any CPU.Build.0 = Debug|Any CPU
		{85F75D33-0045-026A-E8F4-9E33CE4CC337}.Release|Any CPU.ActiveCfg = Release|Any CPU
		{85F75D33-0045-026A-E8F4-9E33CE4CC337}.Release|Any CPU.Build.0 = Release|Any CPU
		{3B6AE0C6-58EA-AD15-1457-CA47F492760C}.Debug|Any CPU.ActiveCfg = Debug|Any CPU
		{3B6AE0C6-58EA-AD15-1457-CA47F492760C}.Debug|Any CPU.Build.0 = Debug|Any CPU
		{3B6AE0C6-58EA-AD15-1457-CA47F492760C}.Release|Any CPU.ActiveCfg = Release|Any CPU
		{3B6AE0C6-58EA-AD15-1457-CA47F492760C}.Release|Any CPU.Build.0 = Release|Any CPU
		{F1C23E30-096D-881A-CFE6-DB5268D4BADD}.Debug|Any CPU.ActiveCfg = Debug|Any CPU
		{F1C23E30-096D-881A-CFE6-DB5268D4BADD}.Debug|Any CPU.Build.0 = Debug|Any CPU
		{F1C23E30-096D-881A-CFE6-DB5268D4BADD}.Release|Any CPU.ActiveCfg = Release|Any CPU
		{F1C23E30-096D-881A-CFE6-DB5268D4BADD}.Release|Any CPU.Build.0 = Release|Any CPU
		{E9C32A09-05BA-C65D-7893-A09F180542C4}.Debug|Any CPU.ActiveCfg = Debug|Any CPU
		{E9C32A09-05BA-C65D-7893-A09F180542C4}.Debug|Any CPU.Build.0 = Debug|Any CPU
		{E9C32A09-05BA-C65D-7893-A09F180542C4}.Release|Any CPU.ActiveCfg = Release|Any CPU
		{E9C32A09-05BA-C65D-7893-A09F180542C4}.Release|Any CPU.Build.0 = Release|Any CPU
		{E7F1E656-9464-668D-8CFE-E3FFBEC60AF8}.Debug|Any CPU.ActiveCfg = Debug|Any CPU
		{E7F1E656-9464-668D-8CFE-E3FFBEC60AF8}.Debug|Any CPU.Build.0 = Debug|Any CPU
		{E7F1E656-9464-668D-8CFE-E3FFBEC60AF8}.Release|Any CPU.ActiveCfg = Release|Any CPU
		{E7F1E656-9464-668D-8CFE-E3FFBEC60AF8}.Release|Any CPU.Build.0 = Release|Any CPU
		{0DA7B52C-6C1F-A790-72EC-BBD47DEA2738}.Debug|Any CPU.ActiveCfg = Debug|Any CPU
		{0DA7B52C-6C1F-A790-72EC-BBD47DEA2738}.Debug|Any CPU.Build.0 = Debug|Any CPU
		{0DA7B52C-6C1F-A790-72EC-BBD47DEA2738}.Release|Any CPU.ActiveCfg = Release|Any CPU
		{0DA7B52C-6C1F-A790-72EC-BBD47DEA2738}.Release|Any CPU.Build.0 = Release|Any CPU
		{83467750-3944-7B13-F6CA-1C477AC2A523}.Debug|Any CPU.ActiveCfg = Debug|Any CPU
		{83467750-3944-7B13-F6CA-1C477AC2A523}.Debug|Any CPU.Build.0 = Debug|Any CPU
		{83467750-3944-7B13-F6CA-1C477AC2A523}.Release|Any CPU.ActiveCfg = Release|Any CPU
		{83467750-3944-7B13-F6CA-1C477AC2A523}.Release|Any CPU.Build.0 = Release|Any CPU
		{79E0B4C7-C1C2-E317-E459-0613A0C1F0B4}.Debug|Any CPU.ActiveCfg = Debug|Any CPU
		{79E0B4C7-C1C2-E317-E459-0613A0C1F0B4}.Debug|Any CPU.Build.0 = Debug|Any CPU
		{79E0B4C7-C1C2-E317-E459-0613A0C1F0B4}.Release|Any CPU.ActiveCfg = Release|Any CPU
		{79E0B4C7-C1C2-E317-E459-0613A0C1F0B4}.Release|Any CPU.Build.0 = Release|Any CPU
		{ED58A72A-FFE4-C17E-87A7-8598E7821FF8}.Debug|Any CPU.ActiveCfg = Debug|Any CPU
		{ED58A72A-FFE4-C17E-87A7-8598E7821FF8}.Debug|Any CPU.Build.0 = Debug|Any CPU
		{ED58A72A-FFE4-C17E-87A7-8598E7821FF8}.Release|Any CPU.ActiveCfg = Release|Any CPU
		{ED58A72A-FFE4-C17E-87A7-8598E7821FF8}.Release|Any CPU.Build.0 = Release|Any CPU
		{1F3B8DC8-B3A3-9795-E8D7-E3EB1487D772}.Debug|Any CPU.ActiveCfg = Debug|Any CPU
		{1F3B8DC8-B3A3-9795-E8D7-E3EB1487D772}.Debug|Any CPU.Build.0 = Debug|Any CPU
		{1F3B8DC8-B3A3-9795-E8D7-E3EB1487D772}.Release|Any CPU.ActiveCfg = Release|Any CPU
		{1F3B8DC8-B3A3-9795-E8D7-E3EB1487D772}.Release|Any CPU.Build.0 = Release|Any CPU
		{DA1D2FD6-0E13-30B3-0756-901766742512}.Debug|Any CPU.ActiveCfg = Debug|Any CPU
		{DA1D2FD6-0E13-30B3-0756-901766742512}.Debug|Any CPU.Build.0 = Debug|Any CPU
		{DA1D2FD6-0E13-30B3-0756-901766742512}.Release|Any CPU.ActiveCfg = Release|Any CPU
		{DA1D2FD6-0E13-30B3-0756-901766742512}.Release|Any CPU.Build.0 = Release|Any CPU
		{81D82BE7-0058-C50B-B8C2-E896616B8380}.Debug|Any CPU.ActiveCfg = Debug|Any CPU
		{81D82BE7-0058-C50B-B8C2-E896616B8380}.Debug|Any CPU.Build.0 = Debug|Any CPU
		{81D82BE7-0058-C50B-B8C2-E896616B8380}.Release|Any CPU.ActiveCfg = Release|Any CPU
		{81D82BE7-0058-C50B-B8C2-E896616B8380}.Release|Any CPU.Build.0 = Release|Any CPU
		{9AB97A38-5E3A-D7AC-B704-8D4E4C03D57D}.Debug|Any CPU.ActiveCfg = Debug|Any CPU
		{9AB97A38-5E3A-D7AC-B704-8D4E4C03D57D}.Debug|Any CPU.Build.0 = Debug|Any CPU
		{9AB97A38-5E3A-D7AC-B704-8D4E4C03D57D}.Release|Any CPU.ActiveCfg = Release|Any CPU
		{9AB97A38-5E3A-D7AC-B704-8D4E4C03D57D}.Release|Any CPU.Build.0 = Release|Any CPU
		{42EDE54F-AAD4-6DDD-2CD2-5CCE24FFF640}.Debug|Any CPU.ActiveCfg = Debug|Any CPU
		{42EDE54F-AAD4-6DDD-2CD2-5CCE24FFF640}.Debug|Any CPU.Build.0 = Debug|Any CPU
		{42EDE54F-AAD4-6DDD-2CD2-5CCE24FFF640}.Release|Any CPU.ActiveCfg = Release|Any CPU
		{42EDE54F-AAD4-6DDD-2CD2-5CCE24FFF640}.Release|Any CPU.Build.0 = Release|Any CPU
		{B4D290CC-FE64-568B-0C78-5878FA71462A}.Debug|Any CPU.ActiveCfg = Debug|Any CPU
		{B4D290CC-FE64-568B-0C78-5878FA71462A}.Debug|Any CPU.Build.0 = Debug|Any CPU
		{B4D290CC-FE64-568B-0C78-5878FA71462A}.Release|Any CPU.ActiveCfg = Release|Any CPU
		{B4D290CC-FE64-568B-0C78-5878FA71462A}.Release|Any CPU.Build.0 = Release|Any CPU
		{D7094640-280C-7A15-2A55-63AFCE5112E2}.Debug|Any CPU.ActiveCfg = Debug|Any CPU
		{D7094640-280C-7A15-2A55-63AFCE5112E2}.Debug|Any CPU.Build.0 = Debug|Any CPU
		{D7094640-280C-7A15-2A55-63AFCE5112E2}.Release|Any CPU.ActiveCfg = Release|Any CPU
		{D7094640-280C-7A15-2A55-63AFCE5112E2}.Release|Any CPU.Build.0 = Release|Any CPU
		{026E352E-F2A4-EC7D-03CC-EAF27FF20292}.Debug|Any CPU.ActiveCfg = Debug|Any CPU
		{026E352E-F2A4-EC7D-03CC-EAF27FF20292}.Debug|Any CPU.Build.0 = Debug|Any CPU
		{026E352E-F2A4-EC7D-03CC-EAF27FF20292}.Release|Any CPU.ActiveCfg = Release|Any CPU
		{026E352E-F2A4-EC7D-03CC-EAF27FF20292}.Release|Any CPU.Build.0 = Release|Any CPU
		{02BD8470-64E8-6064-6E5F-DF2066DA157A}.Debug|Any CPU.ActiveCfg = Debug|Any CPU
		{02BD8470-64E8-6064-6E5F-DF2066DA157A}.Debug|Any CPU.Build.0 = Debug|Any CPU
		{02BD8470-64E8-6064-6E5F-DF2066DA157A}.Release|Any CPU.ActiveCfg = Release|Any CPU
		{02BD8470-64E8-6064-6E5F-DF2066DA157A}.Release|Any CPU.Build.0 = Release|Any CPU
		{6479DA3C-F734-AF0E-9186-111B116F7C5A}.Debug|Any CPU.ActiveCfg = Debug|Any CPU
		{6479DA3C-F734-AF0E-9186-111B116F7C5A}.Debug|Any CPU.Build.0 = Debug|Any CPU
		{6479DA3C-F734-AF0E-9186-111B116F7C5A}.Release|Any CPU.ActiveCfg = Release|Any CPU
		{6479DA3C-F734-AF0E-9186-111B116F7C5A}.Release|Any CPU.Build.0 = Release|Any CPU
		{B8E375C8-BD83-D5DC-B234-F709EA90EE8F}.Debug|Any CPU.ActiveCfg = Debug|Any CPU
		{B8E375C8-BD83-D5DC-B234-F709EA90EE8F}.Debug|Any CPU.Build.0 = Debug|Any CPU
		{B8E375C8-BD83-D5DC-B234-F709EA90EE8F}.Release|Any CPU.ActiveCfg = Release|Any CPU
		{B8E375C8-BD83-D5DC-B234-F709EA90EE8F}.Release|Any CPU.Build.0 = Release|Any CPU
		{7A12035B-255B-273D-9065-544AE7BF34CD}.Debug|Any CPU.ActiveCfg = Debug|Any CPU
		{7A12035B-255B-273D-9065-544AE7BF34CD}.Debug|Any CPU.Build.0 = Debug|Any CPU
		{7A12035B-255B-273D-9065-544AE7BF34CD}.Release|Any CPU.ActiveCfg = Release|Any CPU
		{7A12035B-255B-273D-9065-544AE7BF34CD}.Release|Any CPU.Build.0 = Release|Any CPU
		{56B794A7-BDFC-4878-6358-1F5407D52DE6}.Debug|Any CPU.ActiveCfg = Debug|Any CPU
		{56B794A7-BDFC-4878-6358-1F5407D52DE6}.Debug|Any CPU.Build.0 = Debug|Any CPU
		{56B794A7-BDFC-4878-6358-1F5407D52DE6}.Release|Any CPU.ActiveCfg = Release|Any CPU
		{56B794A7-BDFC-4878-6358-1F5407D52DE6}.Release|Any CPU.Build.0 = Release|Any CPU
		{968EAB98-29DE-00B6-2E09-410C3D075FB6}.Debug|Any CPU.ActiveCfg = Debug|Any CPU
		{968EAB98-29DE-00B6-2E09-410C3D075FB6}.Debug|Any CPU.Build.0 = Debug|Any CPU
		{968EAB98-29DE-00B6-2E09-410C3D075FB6}.Release|Any CPU.ActiveCfg = Release|Any CPU
		{968EAB98-29DE-00B6-2E09-410C3D075FB6}.Release|Any CPU.Build.0 = Release|Any CPU
		{702CD070-87AA-6B44-AB04-F2F76EA7F8B2}.Debug|Any CPU.ActiveCfg = Debug|Any CPU
		{702CD070-87AA-6B44-AB04-F2F76EA7F8B2}.Debug|Any CPU.Build.0 = Debug|Any CPU
		{702CD070-87AA-6B44-AB04-F2F76EA7F8B2}.Release|Any CPU.ActiveCfg = Release|Any CPU
		{702CD070-87AA-6B44-AB04-F2F76EA7F8B2}.Release|Any CPU.Build.0 = Release|Any CPU
		{796D9F23-B409-D94E-F97A-1587468ABA4A}.Debug|Any CPU.ActiveCfg = Debug|Any CPU
		{796D9F23-B409-D94E-F97A-1587468ABA4A}.Debug|Any CPU.Build.0 = Debug|Any CPU
		{796D9F23-B409-D94E-F97A-1587468ABA4A}.Release|Any CPU.ActiveCfg = Release|Any CPU
		{796D9F23-B409-D94E-F97A-1587468ABA4A}.Release|Any CPU.Build.0 = Release|Any CPU
		{A3A9C08C-AD4F-D6A4-0213-E272C925ABC6}.Debug|Any CPU.ActiveCfg = Debug|Any CPU
		{A3A9C08C-AD4F-D6A4-0213-E272C925ABC6}.Debug|Any CPU.Build.0 = Debug|Any CPU
		{A3A9C08C-AD4F-D6A4-0213-E272C925ABC6}.Release|Any CPU.ActiveCfg = Release|Any CPU
		{A3A9C08C-AD4F-D6A4-0213-E272C925ABC6}.Release|Any CPU.Build.0 = Release|Any CPU
		{34FEA61F-DCA1-1F0C-9B57-4D4D8B0AA4A9}.Debug|Any CPU.ActiveCfg = Debug|Any CPU
		{34FEA61F-DCA1-1F0C-9B57-4D4D8B0AA4A9}.Debug|Any CPU.Build.0 = Debug|Any CPU
		{34FEA61F-DCA1-1F0C-9B57-4D4D8B0AA4A9}.Release|Any CPU.ActiveCfg = Release|Any CPU
		{34FEA61F-DCA1-1F0C-9B57-4D4D8B0AA4A9}.Release|Any CPU.Build.0 = Release|Any CPU
		{2322DDB1-9347-9960-2528-E549A284C727}.Debug|Any CPU.ActiveCfg = Debug|Any CPU
		{2322DDB1-9347-9960-2528-E549A284C727}.Debug|Any CPU.Build.0 = Debug|Any CPU
		{2322DDB1-9347-9960-2528-E549A284C727}.Release|Any CPU.ActiveCfg = Release|Any CPU
		{2322DDB1-9347-9960-2528-E549A284C727}.Release|Any CPU.Build.0 = Release|Any CPU
		{96C1874B-F221-6F6E-405B-DED5A513F9F8}.Debug|Any CPU.ActiveCfg = Debug|Any CPU
		{96C1874B-F221-6F6E-405B-DED5A513F9F8}.Debug|Any CPU.Build.0 = Debug|Any CPU
		{96C1874B-F221-6F6E-405B-DED5A513F9F8}.Release|Any CPU.ActiveCfg = Release|Any CPU
		{96C1874B-F221-6F6E-405B-DED5A513F9F8}.Release|Any CPU.Build.0 = Release|Any CPU
		{3A12DE9D-7DD0-39E5-9067-C8D07BF24814}.Debug|Any CPU.ActiveCfg = Debug|Any CPU
		{3A12DE9D-7DD0-39E5-9067-C8D07BF24814}.Debug|Any CPU.Build.0 = Debug|Any CPU
		{3A12DE9D-7DD0-39E5-9067-C8D07BF24814}.Release|Any CPU.ActiveCfg = Release|Any CPU
		{3A12DE9D-7DD0-39E5-9067-C8D07BF24814}.Release|Any CPU.Build.0 = Release|Any CPU
		{CB9AB450-D79A-BC87-D11D-352E44AFF0BC}.Debug|Any CPU.ActiveCfg = Debug|Any CPU
		{CB9AB450-D79A-BC87-D11D-352E44AFF0BC}.Debug|Any CPU.Build.0 = Debug|Any CPU
		{CB9AB450-D79A-BC87-D11D-352E44AFF0BC}.Release|Any CPU.ActiveCfg = Release|Any CPU
		{CB9AB450-D79A-BC87-D11D-352E44AFF0BC}.Release|Any CPU.Build.0 = Release|Any CPU
		{81437E48-510D-85D4-9B71-31FE76105A4F}.Debug|Any CPU.ActiveCfg = Debug|Any CPU
		{81437E48-510D-85D4-9B71-31FE76105A4F}.Debug|Any CPU.Build.0 = Debug|Any CPU
		{81437E48-510D-85D4-9B71-31FE76105A4F}.Release|Any CPU.ActiveCfg = Release|Any CPU
		{81437E48-510D-85D4-9B71-31FE76105A4F}.Release|Any CPU.Build.0 = Release|Any CPU
		{C5346A85-53DB-8834-ADBF-BA7A90F144D4}.Debug|Any CPU.ActiveCfg = Debug|Any CPU
		{C5346A85-53DB-8834-ADBF-BA7A90F144D4}.Debug|Any CPU.Build.0 = Debug|Any CPU
		{C5346A85-53DB-8834-ADBF-BA7A90F144D4}.Release|Any CPU.ActiveCfg = Release|Any CPU
		{C5346A85-53DB-8834-ADBF-BA7A90F144D4}.Release|Any CPU.Build.0 = Release|Any CPU
		{7748F6F6-C144-53A1-897E-44FAB81F5513}.Debug|Any CPU.ActiveCfg = Debug|Any CPU
		{7748F6F6-C144-53A1-897E-44FAB81F5513}.Debug|Any CPU.Build.0 = Debug|Any CPU
		{7748F6F6-C144-53A1-897E-44FAB81F5513}.Release|Any CPU.ActiveCfg = Release|Any CPU
		{7748F6F6-C144-53A1-897E-44FAB81F5513}.Release|Any CPU.Build.0 = Release|Any CPU
		{3F1A6FA1-7DFA-400C-897D-59719E28DF7F}.Debug|Any CPU.ActiveCfg = Debug|Any CPU
		{3F1A6FA1-7DFA-400C-897D-59719E28DF7F}.Debug|Any CPU.Build.0 = Debug|Any CPU
		{3F1A6FA1-7DFA-400C-897D-59719E28DF7F}.Release|Any CPU.ActiveCfg = Release|Any CPU
		{3F1A6FA1-7DFA-400C-897D-59719E28DF7F}.Release|Any CPU.Build.0 = Release|Any CPU
		{14E5CFC5-288E-1C1C-F51B-B395A0375908}.Debug|Any CPU.ActiveCfg = Debug|Any CPU
		{14E5CFC5-288E-1C1C-F51B-B395A0375908}.Debug|Any CPU.Build.0 = Debug|Any CPU
		{14E5CFC5-288E-1C1C-F51B-B395A0375908}.Release|Any CPU.ActiveCfg = Release|Any CPU
		{14E5CFC5-288E-1C1C-F51B-B395A0375908}.Release|Any CPU.Build.0 = Release|Any CPU
		{73CDE716-DA9C-585E-A1AB-AFD70DC508FC}.Debug|Any CPU.ActiveCfg = Debug|Any CPU
		{73CDE716-DA9C-585E-A1AB-AFD70DC508FC}.Debug|Any CPU.Build.0 = Debug|Any CPU
		{73CDE716-DA9C-585E-A1AB-AFD70DC508FC}.Release|Any CPU.ActiveCfg = Release|Any CPU
		{73CDE716-DA9C-585E-A1AB-AFD70DC508FC}.Release|Any CPU.Build.0 = Release|Any CPU
		{61E85A9D-0548-C867-66CA-2575A2A28764}.Debug|Any CPU.ActiveCfg = Debug|Any CPU
		{61E85A9D-0548-C867-66CA-2575A2A28764}.Debug|Any CPU.Build.0 = Debug|Any CPU
		{61E85A9D-0548-C867-66CA-2575A2A28764}.Release|Any CPU.ActiveCfg = Release|Any CPU
		{61E85A9D-0548-C867-66CA-2575A2A28764}.Release|Any CPU.Build.0 = Release|Any CPU
		{54FF415D-E669-67DB-13DC-E6DC12CD04D8}.Debug|Any CPU.ActiveCfg = Debug|Any CPU
		{54FF415D-E669-67DB-13DC-E6DC12CD04D8}.Debug|Any CPU.Build.0 = Debug|Any CPU
		{54FF415D-E669-67DB-13DC-E6DC12CD04D8}.Release|Any CPU.ActiveCfg = Release|Any CPU
		{54FF415D-E669-67DB-13DC-E6DC12CD04D8}.Release|Any CPU.Build.0 = Release|Any CPU
		{B47FC3EA-0E1A-42B9-A99A-601C63C54B6F}.Debug|Any CPU.ActiveCfg = Debug|Any CPU
		{B47FC3EA-0E1A-42B9-A99A-601C63C54B6F}.Debug|Any CPU.Build.0 = Debug|Any CPU
		{B47FC3EA-0E1A-42B9-A99A-601C63C54B6F}.Release|Any CPU.ActiveCfg = Release|Any CPU
		{B47FC3EA-0E1A-42B9-A99A-601C63C54B6F}.Release|Any CPU.Build.0 = Release|Any CPU
		{292CAC8B-2676-A252-8EE1-47964E8918A5}.Debug|Any CPU.ActiveCfg = Debug|Any CPU
		{292CAC8B-2676-A252-8EE1-47964E8918A5}.Debug|Any CPU.Build.0 = Debug|Any CPU
		{292CAC8B-2676-A252-8EE1-47964E8918A5}.Release|Any CPU.ActiveCfg = Release|Any CPU
		{292CAC8B-2676-A252-8EE1-47964E8918A5}.Release|Any CPU.Build.0 = Release|Any CPU
		{A8108118-9CFD-8FD9-DC20-286FA8B7735D}.Debug|Any CPU.ActiveCfg = Debug|Any CPU
		{A8108118-9CFD-8FD9-DC20-286FA8B7735D}.Debug|Any CPU.Build.0 = Debug|Any CPU
		{A8108118-9CFD-8FD9-DC20-286FA8B7735D}.Release|Any CPU.ActiveCfg = Release|Any CPU
		{A8108118-9CFD-8FD9-DC20-286FA8B7735D}.Release|Any CPU.Build.0 = Release|Any CPU
		{7EDF7940-11A3-26D1-BDAF-8D565BCE7653}.Debug|Any CPU.ActiveCfg = Debug|Any CPU
		{7EDF7940-11A3-26D1-BDAF-8D565BCE7653}.Debug|Any CPU.Build.0 = Debug|Any CPU
		{7EDF7940-11A3-26D1-BDAF-8D565BCE7653}.Release|Any CPU.ActiveCfg = Release|Any CPU
		{7EDF7940-11A3-26D1-BDAF-8D565BCE7653}.Release|Any CPU.Build.0 = Release|Any CPU
		{0466A713-2C95-558F-D8AA-9F2B8FE64674}.Debug|Any CPU.ActiveCfg = Debug|Any CPU
		{0466A713-2C95-558F-D8AA-9F2B8FE64674}.Debug|Any CPU.Build.0 = Debug|Any CPU
		{0466A713-2C95-558F-D8AA-9F2B8FE64674}.Release|Any CPU.ActiveCfg = Release|Any CPU
		{0466A713-2C95-558F-D8AA-9F2B8FE64674}.Release|Any CPU.Build.0 = Release|Any CPU
		{7E5E8650-F9CC-53C1-F839-EC8140A8E7AF}.Debug|Any CPU.ActiveCfg = Debug|Any CPU
		{7E5E8650-F9CC-53C1-F839-EC8140A8E7AF}.Debug|Any CPU.Build.0 = Debug|Any CPU
		{7E5E8650-F9CC-53C1-F839-EC8140A8E7AF}.Release|Any CPU.ActiveCfg = Release|Any CPU
		{7E5E8650-F9CC-53C1-F839-EC8140A8E7AF}.Release|Any CPU.Build.0 = Release|Any CPU
		{32AC10AC-C616-65A2-E394-58B171C7D6BB}.Debug|Any CPU.ActiveCfg = Debug|Any CPU
		{32AC10AC-C616-65A2-E394-58B171C7D6BB}.Debug|Any CPU.Build.0 = Debug|Any CPU
		{32AC10AC-C616-65A2-E394-58B171C7D6BB}.Release|Any CPU.ActiveCfg = Release|Any CPU
		{32AC10AC-C616-65A2-E394-58B171C7D6BB}.Release|Any CPU.Build.0 = Release|Any CPU
		{773ED9AB-B1BD-FB5E-6C09-E2640C7E50DD}.Debug|Any CPU.ActiveCfg = Debug|Any CPU
		{773ED9AB-B1BD-FB5E-6C09-E2640C7E50DD}.Debug|Any CPU.Build.0 = Debug|Any CPU
		{773ED9AB-B1BD-FB5E-6C09-E2640C7E50DD}.Release|Any CPU.ActiveCfg = Release|Any CPU
		{773ED9AB-B1BD-FB5E-6C09-E2640C7E50DD}.Release|Any CPU.Build.0 = Release|Any CPU
		{BE653E4E-7449-B3B3-04F9-0E6CD472A32F}.Debug|Any CPU.ActiveCfg = Debug|Any CPU
		{BE653E4E-7449-B3B3-04F9-0E6CD472A32F}.Debug|Any CPU.Build.0 = Debug|Any CPU
		{BE653E4E-7449-B3B3-04F9-0E6CD472A32F}.Release|Any CPU.ActiveCfg = Release|Any CPU
		{BE653E4E-7449-B3B3-04F9-0E6CD472A32F}.Release|Any CPU.Build.0 = Release|Any CPU
		{2C51D4F1-8191-8249-CF3E-F5FE8B0EAD1C}.Debug|Any CPU.ActiveCfg = Debug|Any CPU
		{2C51D4F1-8191-8249-CF3E-F5FE8B0EAD1C}.Debug|Any CPU.Build.0 = Debug|Any CPU
		{2C51D4F1-8191-8249-CF3E-F5FE8B0EAD1C}.Release|Any CPU.ActiveCfg = Release|Any CPU
		{2C51D4F1-8191-8249-CF3E-F5FE8B0EAD1C}.Release|Any CPU.Build.0 = Release|Any CPU
		{B339287C-A44F-CFA4-C64C-7BB2400128C7}.Debug|Any CPU.ActiveCfg = Debug|Any CPU
		{B339287C-A44F-CFA4-C64C-7BB2400128C7}.Debug|Any CPU.Build.0 = Debug|Any CPU
		{B339287C-A44F-CFA4-C64C-7BB2400128C7}.Release|Any CPU.ActiveCfg = Release|Any CPU
		{B339287C-A44F-CFA4-C64C-7BB2400128C7}.Release|Any CPU.Build.0 = Release|Any CPU
		{CE60323B-78FF-6F47-1A70-CE78D58E1BF6}.Debug|Any CPU.ActiveCfg = Debug|Any CPU
		{CE60323B-78FF-6F47-1A70-CE78D58E1BF6}.Debug|Any CPU.Build.0 = Debug|Any CPU
		{CE60323B-78FF-6F47-1A70-CE78D58E1BF6}.Release|Any CPU.ActiveCfg = Release|Any CPU
		{CE60323B-78FF-6F47-1A70-CE78D58E1BF6}.Release|Any CPU.Build.0 = Release|Any CPU
		{9EC6D778-175F-AD7F-C65B-BC4965D4A86E}.Debug|Any CPU.ActiveCfg = Debug|Any CPU
		{9EC6D778-175F-AD7F-C65B-BC4965D4A86E}.Debug|Any CPU.Build.0 = Debug|Any CPU
		{9EC6D778-175F-AD7F-C65B-BC4965D4A86E}.Release|Any CPU.ActiveCfg = Release|Any CPU
		{9EC6D778-175F-AD7F-C65B-BC4965D4A86E}.Release|Any CPU.Build.0 = Release|Any CPU
		{106EEA82-4713-936E-6264-D05B6F9F03F5}.Debug|Any CPU.ActiveCfg = Debug|Any CPU
		{106EEA82-4713-936E-6264-D05B6F9F03F5}.Debug|Any CPU.Build.0 = Debug|Any CPU
		{106EEA82-4713-936E-6264-D05B6F9F03F5}.Release|Any CPU.ActiveCfg = Release|Any CPU
		{106EEA82-4713-936E-6264-D05B6F9F03F5}.Release|Any CPU.Build.0 = Release|Any CPU
		{C1F72151-7E66-6F9A-E794-4BDEA44BE70C}.Debug|Any CPU.ActiveCfg = Debug|Any CPU
		{C1F72151-7E66-6F9A-E794-4BDEA44BE70C}.Debug|Any CPU.Build.0 = Debug|Any CPU
		{C1F72151-7E66-6F9A-E794-4BDEA44BE70C}.Release|Any CPU.ActiveCfg = Release|Any CPU
		{C1F72151-7E66-6F9A-E794-4BDEA44BE70C}.Release|Any CPU.Build.0 = Release|Any CPU
		{DE8276BD-432F-E75E-D5D0-C243E6A133F0}.Debug|Any CPU.ActiveCfg = Debug|Any CPU
		{DE8276BD-432F-E75E-D5D0-C243E6A133F0}.Debug|Any CPU.Build.0 = Debug|Any CPU
		{DE8276BD-432F-E75E-D5D0-C243E6A133F0}.Release|Any CPU.ActiveCfg = Release|Any CPU
		{DE8276BD-432F-E75E-D5D0-C243E6A133F0}.Release|Any CPU.Build.0 = Release|Any CPU
		{AB9C829F-C523-55F1-2904-90163F6557CD}.Debug|Any CPU.ActiveCfg = Debug|Any CPU
		{AB9C829F-C523-55F1-2904-90163F6557CD}.Debug|Any CPU.Build.0 = Debug|Any CPU
		{AB9C829F-C523-55F1-2904-90163F6557CD}.Release|Any CPU.ActiveCfg = Release|Any CPU
		{AB9C829F-C523-55F1-2904-90163F6557CD}.Release|Any CPU.Build.0 = Release|Any CPU
		{5CAF2B2B-478F-2770-41EC-90FB726546BE}.Debug|Any CPU.ActiveCfg = Debug|Any CPU
		{5CAF2B2B-478F-2770-41EC-90FB726546BE}.Debug|Any CPU.Build.0 = Debug|Any CPU
		{5CAF2B2B-478F-2770-41EC-90FB726546BE}.Release|Any CPU.ActiveCfg = Release|Any CPU
		{5CAF2B2B-478F-2770-41EC-90FB726546BE}.Release|Any CPU.Build.0 = Release|Any CPU
		{B6FD3A49-8735-5DE5-E204-B7F94ACFE481}.Debug|Any CPU.ActiveCfg = Debug|Any CPU
		{B6FD3A49-8735-5DE5-E204-B7F94ACFE481}.Debug|Any CPU.Build.0 = Debug|Any CPU
		{B6FD3A49-8735-5DE5-E204-B7F94ACFE481}.Release|Any CPU.ActiveCfg = Release|Any CPU
		{B6FD3A49-8735-5DE5-E204-B7F94ACFE481}.Release|Any CPU.Build.0 = Release|Any CPU
		{F8595CC8-B5D1-3666-55DA-7BC0B085FEF1}.Debug|Any CPU.ActiveCfg = Debug|Any CPU
		{F8595CC8-B5D1-3666-55DA-7BC0B085FEF1}.Debug|Any CPU.Build.0 = Debug|Any CPU
		{F8595CC8-B5D1-3666-55DA-7BC0B085FEF1}.Release|Any CPU.ActiveCfg = Release|Any CPU
		{F8595CC8-B5D1-3666-55DA-7BC0B085FEF1}.Release|Any CPU.Build.0 = Release|Any CPU
		{011A2D35-5FAA-F5AA-A13C-BED1E0487C6C}.Debug|Any CPU.ActiveCfg = Debug|Any CPU
		{011A2D35-5FAA-F5AA-A13C-BED1E0487C6C}.Debug|Any CPU.Build.0 = Debug|Any CPU
		{011A2D35-5FAA-F5AA-A13C-BED1E0487C6C}.Release|Any CPU.ActiveCfg = Release|Any CPU
		{011A2D35-5FAA-F5AA-A13C-BED1E0487C6C}.Release|Any CPU.Build.0 = Release|Any CPU
		{2F3DA778-7292-93F0-B42F-555C78B687ED}.Debug|Any CPU.ActiveCfg = Debug|Any CPU
		{2F3DA778-7292-93F0-B42F-555C78B687ED}.Debug|Any CPU.Build.0 = Debug|Any CPU
		{2F3DA778-7292-93F0-B42F-555C78B687ED}.Release|Any CPU.ActiveCfg = Release|Any CPU
		{2F3DA778-7292-93F0-B42F-555C78B687ED}.Release|Any CPU.Build.0 = Release|Any CPU
		{A1C2D7BB-A917-0ED1-6C08-3645D1846932}.Debug|Any CPU.ActiveCfg = Debug|Any CPU
		{A1C2D7BB-A917-0ED1-6C08-3645D1846932}.Debug|Any CPU.Build.0 = Debug|Any CPU
		{A1C2D7BB-A917-0ED1-6C08-3645D1846932}.Release|Any CPU.ActiveCfg = Release|Any CPU
		{A1C2D7BB-A917-0ED1-6C08-3645D1846932}.Release|Any CPU.Build.0 = Release|Any CPU
		{121A2D0D-BA85-CF02-9490-3659ED95E1AA}.Debug|Any CPU.ActiveCfg = Debug|Any CPU
		{121A2D0D-BA85-CF02-9490-3659ED95E1AA}.Debug|Any CPU.Build.0 = Debug|Any CPU
		{121A2D0D-BA85-CF02-9490-3659ED95E1AA}.Release|Any CPU.ActiveCfg = Release|Any CPU
		{121A2D0D-BA85-CF02-9490-3659ED95E1AA}.Release|Any CPU.Build.0 = Release|Any CPU
		{22B127FE-20B4-AEC2-3100-9B0A710B76FA}.Debug|Any CPU.ActiveCfg = Debug|Any CPU
		{22B127FE-20B4-AEC2-3100-9B0A710B76FA}.Debug|Any CPU.Build.0 = Debug|Any CPU
		{22B127FE-20B4-AEC2-3100-9B0A710B76FA}.Release|Any CPU.ActiveCfg = Release|Any CPU
		{22B127FE-20B4-AEC2-3100-9B0A710B76FA}.Release|Any CPU.Build.0 = Release|Any CPU
		{6DA2BAA7-6D60-1220-4A71-1ABBF4C7ECA6}.Debug|Any CPU.ActiveCfg = Debug|Any CPU
		{6DA2BAA7-6D60-1220-4A71-1ABBF4C7ECA6}.Debug|Any CPU.Build.0 = Debug|Any CPU
		{6DA2BAA7-6D60-1220-4A71-1ABBF4C7ECA6}.Release|Any CPU.ActiveCfg = Release|Any CPU
		{6DA2BAA7-6D60-1220-4A71-1ABBF4C7ECA6}.Release|Any CPU.Build.0 = Release|Any CPU
		{D46D508A-A8F5-6391-5CCE-B1B16167AD6F}.Debug|Any CPU.ActiveCfg = Debug|Any CPU
		{D46D508A-A8F5-6391-5CCE-B1B16167AD6F}.Debug|Any CPU.Build.0 = Debug|Any CPU
		{D46D508A-A8F5-6391-5CCE-B1B16167AD6F}.Release|Any CPU.ActiveCfg = Release|Any CPU
		{D46D508A-A8F5-6391-5CCE-B1B16167AD6F}.Release|Any CPU.Build.0 = Release|Any CPU
		{0997BBBA-2AA2-8286-BD27-DA3F57DFFC31}.Debug|Any CPU.ActiveCfg = Debug|Any CPU
		{0997BBBA-2AA2-8286-BD27-DA3F57DFFC31}.Debug|Any CPU.Build.0 = Debug|Any CPU
		{0997BBBA-2AA2-8286-BD27-DA3F57DFFC31}.Release|Any CPU.ActiveCfg = Release|Any CPU
		{0997BBBA-2AA2-8286-BD27-DA3F57DFFC31}.Release|Any CPU.Build.0 = Release|Any CPU
		{2B4AB653-368E-08E7-C446-07F87C243421}.Debug|Any CPU.ActiveCfg = Debug|Any CPU
		{2B4AB653-368E-08E7-C446-07F87C243421}.Debug|Any CPU.Build.0 = Debug|Any CPU
		{2B4AB653-368E-08E7-C446-07F87C243421}.Release|Any CPU.ActiveCfg = Release|Any CPU
		{2B4AB653-368E-08E7-C446-07F87C243421}.Release|Any CPU.Build.0 = Release|Any CPU
		{29448B64-2F45-C1C7-095E-410C24023E9C}.Debug|Any CPU.ActiveCfg = Debug|Any CPU
		{29448B64-2F45-C1C7-095E-410C24023E9C}.Debug|Any CPU.Build.0 = Debug|Any CPU
		{29448B64-2F45-C1C7-095E-410C24023E9C}.Release|Any CPU.ActiveCfg = Release|Any CPU
		{29448B64-2F45-C1C7-095E-410C24023E9C}.Release|Any CPU.Build.0 = Release|Any CPU
		{D4FB5FEA-2680-056A-D563-A8423F3E6329}.Debug|Any CPU.ActiveCfg = Debug|Any CPU
		{D4FB5FEA-2680-056A-D563-A8423F3E6329}.Debug|Any CPU.Build.0 = Debug|Any CPU
		{D4FB5FEA-2680-056A-D563-A8423F3E6329}.Release|Any CPU.ActiveCfg = Release|Any CPU
		{D4FB5FEA-2680-056A-D563-A8423F3E6329}.Release|Any CPU.Build.0 = Release|Any CPU
		{5C2F385F-3FAE-8B27-7FC9-E52AB61A0CEF}.Debug|Any CPU.ActiveCfg = Debug|Any CPU
		{5C2F385F-3FAE-8B27-7FC9-E52AB61A0CEF}.Debug|Any CPU.Build.0 = Debug|Any CPU
		{5C2F385F-3FAE-8B27-7FC9-E52AB61A0CEF}.Release|Any CPU.ActiveCfg = Release|Any CPU
		{5C2F385F-3FAE-8B27-7FC9-E52AB61A0CEF}.Release|Any CPU.Build.0 = Release|Any CPU
		{18C0C95B-473D-5F6E-48CC-02EA918F8FEC}.Debug|Any CPU.ActiveCfg = Debug|Any CPU
		{18C0C95B-473D-5F6E-48CC-02EA918F8FEC}.Debug|Any CPU.Build.0 = Debug|Any CPU
		{18C0C95B-473D-5F6E-48CC-02EA918F8FEC}.Release|Any CPU.ActiveCfg = Release|Any CPU
		{18C0C95B-473D-5F6E-48CC-02EA918F8FEC}.Release|Any CPU.Build.0 = Release|Any CPU
		{9B1C27A0-8AED-AF06-A136-B85B60680118}.Debug|Any CPU.ActiveCfg = Debug|Any CPU
		{9B1C27A0-8AED-AF06-A136-B85B60680118}.Debug|Any CPU.Build.0 = Debug|Any CPU
		{9B1C27A0-8AED-AF06-A136-B85B60680118}.Release|Any CPU.ActiveCfg = Release|Any CPU
		{9B1C27A0-8AED-AF06-A136-B85B60680118}.Release|Any CPU.Build.0 = Release|Any CPU
		{58902B6A-9A7F-C5E1-BE1B-7DDBFB4A3899}.Debug|Any CPU.ActiveCfg = Debug|Any CPU
		{58902B6A-9A7F-C5E1-BE1B-7DDBFB4A3899}.Debug|Any CPU.Build.0 = Debug|Any CPU
		{58902B6A-9A7F-C5E1-BE1B-7DDBFB4A3899}.Release|Any CPU.ActiveCfg = Release|Any CPU
		{58902B6A-9A7F-C5E1-BE1B-7DDBFB4A3899}.Release|Any CPU.Build.0 = Release|Any CPU
		{5033FAF7-01C2-DFD6-8CB2-79ECA12FE9CF}.Debug|Any CPU.ActiveCfg = Debug|Any CPU
		{5033FAF7-01C2-DFD6-8CB2-79ECA12FE9CF}.Debug|Any CPU.Build.0 = Debug|Any CPU
		{5033FAF7-01C2-DFD6-8CB2-79ECA12FE9CF}.Release|Any CPU.ActiveCfg = Release|Any CPU
		{5033FAF7-01C2-DFD6-8CB2-79ECA12FE9CF}.Release|Any CPU.Build.0 = Release|Any CPU
		{BA2E566D-28A8-9025-37DA-5F7CA2883C73}.Debug|Any CPU.ActiveCfg = Debug|Any CPU
		{BA2E566D-28A8-9025-37DA-5F7CA2883C73}.Debug|Any CPU.Build.0 = Debug|Any CPU
		{BA2E566D-28A8-9025-37DA-5F7CA2883C73}.Release|Any CPU.ActiveCfg = Release|Any CPU
		{BA2E566D-28A8-9025-37DA-5F7CA2883C73}.Release|Any CPU.Build.0 = Release|Any CPU
		{3856DDA0-E877-2B06-9A49-6BE5FE7B3B27}.Debug|Any CPU.ActiveCfg = Debug|Any CPU
		{3856DDA0-E877-2B06-9A49-6BE5FE7B3B27}.Debug|Any CPU.Build.0 = Debug|Any CPU
		{3856DDA0-E877-2B06-9A49-6BE5FE7B3B27}.Release|Any CPU.ActiveCfg = Release|Any CPU
		{3856DDA0-E877-2B06-9A49-6BE5FE7B3B27}.Release|Any CPU.Build.0 = Release|Any CPU
		{72DB725F-9BED-F29C-89EF-0D55FE18A210}.Debug|Any CPU.ActiveCfg = Debug|Any CPU
		{72DB725F-9BED-F29C-89EF-0D55FE18A210}.Debug|Any CPU.Build.0 = Debug|Any CPU
		{72DB725F-9BED-F29C-89EF-0D55FE18A210}.Release|Any CPU.ActiveCfg = Release|Any CPU
		{72DB725F-9BED-F29C-89EF-0D55FE18A210}.Release|Any CPU.Build.0 = Release|Any CPU
		{F28CF6D3-7057-71B0-316D-5A1A6F3FDAAD}.Debug|Any CPU.ActiveCfg = Debug|Any CPU
		{F28CF6D3-7057-71B0-316D-5A1A6F3FDAAD}.Debug|Any CPU.Build.0 = Debug|Any CPU
		{F28CF6D3-7057-71B0-316D-5A1A6F3FDAAD}.Release|Any CPU.ActiveCfg = Release|Any CPU
		{F28CF6D3-7057-71B0-316D-5A1A6F3FDAAD}.Release|Any CPU.Build.0 = Release|Any CPU
		{30E1FF6F-4FBE-ECE6-CF4D-F6D8BD33D193}.Debug|Any CPU.ActiveCfg = Debug|Any CPU
		{30E1FF6F-4FBE-ECE6-CF4D-F6D8BD33D193}.Debug|Any CPU.Build.0 = Debug|Any CPU
		{30E1FF6F-4FBE-ECE6-CF4D-F6D8BD33D193}.Release|Any CPU.ActiveCfg = Release|Any CPU
		{30E1FF6F-4FBE-ECE6-CF4D-F6D8BD33D193}.Release|Any CPU.Build.0 = Release|Any CPU
		{0B9162CD-A5E2-C39C-1189-1DE40E7B8489}.Debug|Any CPU.ActiveCfg = Debug|Any CPU
		{0B9162CD-A5E2-C39C-1189-1DE40E7B8489}.Debug|Any CPU.Build.0 = Debug|Any CPU
		{0B9162CD-A5E2-C39C-1189-1DE40E7B8489}.Release|Any CPU.ActiveCfg = Release|Any CPU
		{0B9162CD-A5E2-C39C-1189-1DE40E7B8489}.Release|Any CPU.Build.0 = Release|Any CPU
		{EB1D3C60-2AA5-ED21-B13F-515DBE1E4E28}.Debug|Any CPU.ActiveCfg = Debug|Any CPU
		{EB1D3C60-2AA5-ED21-B13F-515DBE1E4E28}.Debug|Any CPU.Build.0 = Debug|Any CPU
		{EB1D3C60-2AA5-ED21-B13F-515DBE1E4E28}.Release|Any CPU.ActiveCfg = Release|Any CPU
		{EB1D3C60-2AA5-ED21-B13F-515DBE1E4E28}.Release|Any CPU.Build.0 = Release|Any CPU
		{D4740714-BA7E-F443-1D41-758E27739911}.Debug|Any CPU.ActiveCfg = Debug|Any CPU
		{D4740714-BA7E-F443-1D41-758E27739911}.Debug|Any CPU.Build.0 = Debug|Any CPU
		{D4740714-BA7E-F443-1D41-758E27739911}.Release|Any CPU.ActiveCfg = Release|Any CPU
		{D4740714-BA7E-F443-1D41-758E27739911}.Release|Any CPU.Build.0 = Release|Any CPU
		{CAAF508B-1D5E-84F4-73A3-9F436FEF6DAF}.Debug|Any CPU.ActiveCfg = Debug|Any CPU
		{CAAF508B-1D5E-84F4-73A3-9F436FEF6DAF}.Debug|Any CPU.Build.0 = Debug|Any CPU
		{CAAF508B-1D5E-84F4-73A3-9F436FEF6DAF}.Release|Any CPU.ActiveCfg = Release|Any CPU
		{CAAF508B-1D5E-84F4-73A3-9F436FEF6DAF}.Release|Any CPU.Build.0 = Release|Any CPU
		{2EB159D4-69AB-3204-FD1F-7FC97BD52187}.Debug|Any CPU.ActiveCfg = Debug|Any CPU
		{2EB159D4-69AB-3204-FD1F-7FC97BD52187}.Debug|Any CPU.Build.0 = Debug|Any CPU
		{2EB159D4-69AB-3204-FD1F-7FC97BD52187}.Release|Any CPU.ActiveCfg = Release|Any CPU
		{2EB159D4-69AB-3204-FD1F-7FC97BD52187}.Release|Any CPU.Build.0 = Release|Any CPU
		{8BA1E455-B7C7-DC26-5638-8C47D6AC2F2F}.Debug|Any CPU.ActiveCfg = Debug|Any CPU
		{8BA1E455-B7C7-DC26-5638-8C47D6AC2F2F}.Debug|Any CPU.Build.0 = Debug|Any CPU
		{8BA1E455-B7C7-DC26-5638-8C47D6AC2F2F}.Release|Any CPU.ActiveCfg = Release|Any CPU
		{8BA1E455-B7C7-DC26-5638-8C47D6AC2F2F}.Release|Any CPU.Build.0 = Release|Any CPU
		{B6AB45FE-3B03-9281-DB83-3BF4E1056C6D}.Debug|Any CPU.ActiveCfg = Debug|Any CPU
		{B6AB45FE-3B03-9281-DB83-3BF4E1056C6D}.Debug|Any CPU.Build.0 = Debug|Any CPU
		{B6AB45FE-3B03-9281-DB83-3BF4E1056C6D}.Release|Any CPU.ActiveCfg = Release|Any CPU
		{B6AB45FE-3B03-9281-DB83-3BF4E1056C6D}.Release|Any CPU.Build.0 = Release|Any CPU
		{0753FACB-2C35-23EB-ECD9-15249FC2C8D3}.Debug|Any CPU.ActiveCfg = Debug|Any CPU
		{0753FACB-2C35-23EB-ECD9-15249FC2C8D3}.Debug|Any CPU.Build.0 = Debug|Any CPU
		{0753FACB-2C35-23EB-ECD9-15249FC2C8D3}.Release|Any CPU.ActiveCfg = Release|Any CPU
		{0753FACB-2C35-23EB-ECD9-15249FC2C8D3}.Release|Any CPU.Build.0 = Release|Any CPU
		{1BBA2307-0515-99FA-B44F-CB5473015010}.Debug|Any CPU.ActiveCfg = Debug|Any CPU
		{1BBA2307-0515-99FA-B44F-CB5473015010}.Debug|Any CPU.Build.0 = Debug|Any CPU
		{1BBA2307-0515-99FA-B44F-CB5473015010}.Release|Any CPU.ActiveCfg = Release|Any CPU
		{1BBA2307-0515-99FA-B44F-CB5473015010}.Release|Any CPU.Build.0 = Release|Any CPU
		{8368F698-C8F2-7072-DFEF-C7A2C20D6819}.Debug|Any CPU.ActiveCfg = Debug|Any CPU
		{8368F698-C8F2-7072-DFEF-C7A2C20D6819}.Debug|Any CPU.Build.0 = Debug|Any CPU
		{8368F698-C8F2-7072-DFEF-C7A2C20D6819}.Release|Any CPU.ActiveCfg = Release|Any CPU
		{8368F698-C8F2-7072-DFEF-C7A2C20D6819}.Release|Any CPU.Build.0 = Release|Any CPU
		{B7E8803A-67B9-3737-6566-247A7E20D1ED}.Debug|Any CPU.ActiveCfg = Debug|Any CPU
		{B7E8803A-67B9-3737-6566-247A7E20D1ED}.Debug|Any CPU.Build.0 = Debug|Any CPU
		{B7E8803A-67B9-3737-6566-247A7E20D1ED}.Release|Any CPU.ActiveCfg = Release|Any CPU
		{B7E8803A-67B9-3737-6566-247A7E20D1ED}.Release|Any CPU.Build.0 = Release|Any CPU
		{2082FCB7-A694-553B-903C-90D89875AA7A}.Debug|Any CPU.ActiveCfg = Debug|Any CPU
		{2082FCB7-A694-553B-903C-90D89875AA7A}.Debug|Any CPU.Build.0 = Debug|Any CPU
		{2082FCB7-A694-553B-903C-90D89875AA7A}.Release|Any CPU.ActiveCfg = Release|Any CPU
		{2082FCB7-A694-553B-903C-90D89875AA7A}.Release|Any CPU.Build.0 = Release|Any CPU
		{E2C8C73E-92E9-1708-6E01-91EBA0247615}.Debug|Any CPU.ActiveCfg = Debug|Any CPU
		{E2C8C73E-92E9-1708-6E01-91EBA0247615}.Debug|Any CPU.Build.0 = Debug|Any CPU
		{E2C8C73E-92E9-1708-6E01-91EBA0247615}.Release|Any CPU.ActiveCfg = Release|Any CPU
		{E2C8C73E-92E9-1708-6E01-91EBA0247615}.Release|Any CPU.Build.0 = Release|Any CPU
		{DD0A32B3-EE8C-EB6E-708E-7D63C2CD749B}.Debug|Any CPU.ActiveCfg = Debug|Any CPU
		{DD0A32B3-EE8C-EB6E-708E-7D63C2CD749B}.Debug|Any CPU.Build.0 = Debug|Any CPU
		{DD0A32B3-EE8C-EB6E-708E-7D63C2CD749B}.Release|Any CPU.ActiveCfg = Release|Any CPU
		{DD0A32B3-EE8C-EB6E-708E-7D63C2CD749B}.Release|Any CPU.Build.0 = Release|Any CPU
		{3A355A19-97D7-F3AB-AF29-9C44EDCADA61}.Debug|Any CPU.ActiveCfg = Debug|Any CPU
		{3A355A19-97D7-F3AB-AF29-9C44EDCADA61}.Debug|Any CPU.Build.0 = Debug|Any CPU
		{3A355A19-97D7-F3AB-AF29-9C44EDCADA61}.Release|Any CPU.ActiveCfg = Release|Any CPU
		{3A355A19-97D7-F3AB-AF29-9C44EDCADA61}.Release|Any CPU.Build.0 = Release|Any CPU
		{C3304E6C-B649-63B7-89A2-32BC0770A96F}.Debug|Any CPU.ActiveCfg = Debug|Any CPU
		{C3304E6C-B649-63B7-89A2-32BC0770A96F}.Debug|Any CPU.Build.0 = Debug|Any CPU
		{C3304E6C-B649-63B7-89A2-32BC0770A96F}.Release|Any CPU.ActiveCfg = Release|Any CPU
		{C3304E6C-B649-63B7-89A2-32BC0770A96F}.Release|Any CPU.Build.0 = Release|Any CPU
		{30076FF5-7436-2083-B9BA-8E6326E8369D}.Debug|Any CPU.ActiveCfg = Debug|Any CPU
		{30076FF5-7436-2083-B9BA-8E6326E8369D}.Debug|Any CPU.Build.0 = Debug|Any CPU
		{30076FF5-7436-2083-B9BA-8E6326E8369D}.Release|Any CPU.ActiveCfg = Release|Any CPU
		{30076FF5-7436-2083-B9BA-8E6326E8369D}.Release|Any CPU.Build.0 = Release|Any CPU
		{31F70E68-22C5-D20D-6732-6A9E5FEAD3CD}.Debug|Any CPU.ActiveCfg = Debug|Any CPU
		{31F70E68-22C5-D20D-6732-6A9E5FEAD3CD}.Debug|Any CPU.Build.0 = Debug|Any CPU
		{31F70E68-22C5-D20D-6732-6A9E5FEAD3CD}.Release|Any CPU.ActiveCfg = Release|Any CPU
		{31F70E68-22C5-D20D-6732-6A9E5FEAD3CD}.Release|Any CPU.Build.0 = Release|Any CPU
		{AF856B7E-4677-27D2-70AF-238CE278D25E}.Debug|Any CPU.ActiveCfg = Debug|Any CPU
		{AF856B7E-4677-27D2-70AF-238CE278D25E}.Debug|Any CPU.Build.0 = Debug|Any CPU
		{AF856B7E-4677-27D2-70AF-238CE278D25E}.Release|Any CPU.ActiveCfg = Release|Any CPU
		{AF856B7E-4677-27D2-70AF-238CE278D25E}.Release|Any CPU.Build.0 = Release|Any CPU
		{48A56D1A-BA01-59BD-C8D1-27CD3571E921}.Debug|Any CPU.ActiveCfg = Debug|Any CPU
		{48A56D1A-BA01-59BD-C8D1-27CD3571E921}.Debug|Any CPU.Build.0 = Debug|Any CPU
		{48A56D1A-BA01-59BD-C8D1-27CD3571E921}.Release|Any CPU.ActiveCfg = Release|Any CPU
		{48A56D1A-BA01-59BD-C8D1-27CD3571E921}.Release|Any CPU.Build.0 = Release|Any CPU
		{03D09C53-CB33-E0FD-6D87-A9E60E694649}.Debug|Any CPU.ActiveCfg = Debug|Any CPU
		{03D09C53-CB33-E0FD-6D87-A9E60E694649}.Debug|Any CPU.Build.0 = Debug|Any CPU
		{03D09C53-CB33-E0FD-6D87-A9E60E694649}.Release|Any CPU.ActiveCfg = Release|Any CPU
		{03D09C53-CB33-E0FD-6D87-A9E60E694649}.Release|Any CPU.Build.0 = Release|Any CPU
		{19C20D2C-463B-AD82-4DC9-C10D092F5FDB}.Debug|Any CPU.ActiveCfg = Debug|Any CPU
		{19C20D2C-463B-AD82-4DC9-C10D092F5FDB}.Debug|Any CPU.Build.0 = Debug|Any CPU
		{19C20D2C-463B-AD82-4DC9-C10D092F5FDB}.Release|Any CPU.ActiveCfg = Release|Any CPU
		{19C20D2C-463B-AD82-4DC9-C10D092F5FDB}.Release|Any CPU.Build.0 = Release|Any CPU
		{54A6664C-6278-15BC-525C-702FBE89772C}.Debug|Any CPU.ActiveCfg = Debug|Any CPU
		{54A6664C-6278-15BC-525C-702FBE89772C}.Debug|Any CPU.Build.0 = Debug|Any CPU
		{54A6664C-6278-15BC-525C-702FBE89772C}.Release|Any CPU.ActiveCfg = Release|Any CPU
		{54A6664C-6278-15BC-525C-702FBE89772C}.Release|Any CPU.Build.0 = Release|Any CPU
		{A011676A-B570-69D8-E4C3-181743F624DA}.Debug|Any CPU.ActiveCfg = Debug|Any CPU
		{A011676A-B570-69D8-E4C3-181743F624DA}.Debug|Any CPU.Build.0 = Debug|Any CPU
		{A011676A-B570-69D8-E4C3-181743F624DA}.Release|Any CPU.ActiveCfg = Release|Any CPU
		{A011676A-B570-69D8-E4C3-181743F624DA}.Release|Any CPU.Build.0 = Release|Any CPU
		{B6E5F9DF-8D08-6911-AE01-C179BBBD0C82}.Debug|Any CPU.ActiveCfg = Debug|Any CPU
		{B6E5F9DF-8D08-6911-AE01-C179BBBD0C82}.Debug|Any CPU.Build.0 = Debug|Any CPU
		{B6E5F9DF-8D08-6911-AE01-C179BBBD0C82}.Release|Any CPU.ActiveCfg = Release|Any CPU
		{B6E5F9DF-8D08-6911-AE01-C179BBBD0C82}.Release|Any CPU.Build.0 = Release|Any CPU
		{3E808423-308E-4F50-ED2A-CF9E146B4C6C}.Debug|Any CPU.ActiveCfg = Debug|Any CPU
		{3E808423-308E-4F50-ED2A-CF9E146B4C6C}.Debug|Any CPU.Build.0 = Debug|Any CPU
		{3E808423-308E-4F50-ED2A-CF9E146B4C6C}.Release|Any CPU.ActiveCfg = Release|Any CPU
		{3E808423-308E-4F50-ED2A-CF9E146B4C6C}.Release|Any CPU.Build.0 = Release|Any CPU
		{D70916A3-4857-59D5-E9EF-CCCFCDE3306B}.Debug|Any CPU.ActiveCfg = Debug|Any CPU
		{D70916A3-4857-59D5-E9EF-CCCFCDE3306B}.Debug|Any CPU.Build.0 = Debug|Any CPU
		{D70916A3-4857-59D5-E9EF-CCCFCDE3306B}.Release|Any CPU.ActiveCfg = Release|Any CPU
		{D70916A3-4857-59D5-E9EF-CCCFCDE3306B}.Release|Any CPU.Build.0 = Release|Any CPU
		{FB6A6C30-7191-5466-DFA7-A0EA0B198769}.Debug|Any CPU.ActiveCfg = Debug|Any CPU
		{FB6A6C30-7191-5466-DFA7-A0EA0B198769}.Debug|Any CPU.Build.0 = Debug|Any CPU
		{FB6A6C30-7191-5466-DFA7-A0EA0B198769}.Release|Any CPU.ActiveCfg = Release|Any CPU
		{FB6A6C30-7191-5466-DFA7-A0EA0B198769}.Release|Any CPU.Build.0 = Release|Any CPU
		{A229B400-710A-9E38-0728-B303F18045F2}.Debug|Any CPU.ActiveCfg = Debug|Any CPU
		{A229B400-710A-9E38-0728-B303F18045F2}.Debug|Any CPU.Build.0 = Debug|Any CPU
		{A229B400-710A-9E38-0728-B303F18045F2}.Release|Any CPU.ActiveCfg = Release|Any CPU
		{A229B400-710A-9E38-0728-B303F18045F2}.Release|Any CPU.Build.0 = Release|Any CPU
		{09A82D66-81E4-3700-3187-480817E76898}.Debug|Any CPU.ActiveCfg = Debug|Any CPU
		{09A82D66-81E4-3700-3187-480817E76898}.Debug|Any CPU.Build.0 = Debug|Any CPU
		{09A82D66-81E4-3700-3187-480817E76898}.Release|Any CPU.ActiveCfg = Release|Any CPU
		{09A82D66-81E4-3700-3187-480817E76898}.Release|Any CPU.Build.0 = Release|Any CPU
		{C92DC005-E559-25B2-A7D4-14569C56B171}.Debug|Any CPU.ActiveCfg = Debug|Any CPU
		{C92DC005-E559-25B2-A7D4-14569C56B171}.Debug|Any CPU.Build.0 = Debug|Any CPU
		{C92DC005-E559-25B2-A7D4-14569C56B171}.Release|Any CPU.ActiveCfg = Release|Any CPU
		{C92DC005-E559-25B2-A7D4-14569C56B171}.Release|Any CPU.Build.0 = Release|Any CPU
		{12E47E50-8FB1-144B-EF8F-A53BD2DCBC32}.Debug|Any CPU.ActiveCfg = Debug|Any CPU
		{12E47E50-8FB1-144B-EF8F-A53BD2DCBC32}.Debug|Any CPU.Build.0 = Debug|Any CPU
		{12E47E50-8FB1-144B-EF8F-A53BD2DCBC32}.Release|Any CPU.ActiveCfg = Release|Any CPU
		{12E47E50-8FB1-144B-EF8F-A53BD2DCBC32}.Release|Any CPU.Build.0 = Release|Any CPU
		{58D0B209-3DED-E0DB-D4AB-1851B14389DA}.Debug|Any CPU.ActiveCfg = Debug|Any CPU
		{58D0B209-3DED-E0DB-D4AB-1851B14389DA}.Debug|Any CPU.Build.0 = Debug|Any CPU
		{58D0B209-3DED-E0DB-D4AB-1851B14389DA}.Release|Any CPU.ActiveCfg = Release|Any CPU
		{58D0B209-3DED-E0DB-D4AB-1851B14389DA}.Release|Any CPU.Build.0 = Release|Any CPU
		{7A323D7C-5FFE-A7D5-9F40-597F02B937BB}.Debug|Any CPU.ActiveCfg = Debug|Any CPU
		{7A323D7C-5FFE-A7D5-9F40-597F02B937BB}.Debug|Any CPU.Build.0 = Debug|Any CPU
		{7A323D7C-5FFE-A7D5-9F40-597F02B937BB}.Release|Any CPU.ActiveCfg = Release|Any CPU
		{7A323D7C-5FFE-A7D5-9F40-597F02B937BB}.Release|Any CPU.Build.0 = Release|Any CPU
		{EE440B3C-89EB-2032-5360-009058504D31}.Debug|Any CPU.ActiveCfg = Debug|Any CPU
		{EE440B3C-89EB-2032-5360-009058504D31}.Debug|Any CPU.Build.0 = Debug|Any CPU
		{EE440B3C-89EB-2032-5360-009058504D31}.Release|Any CPU.ActiveCfg = Release|Any CPU
		{EE440B3C-89EB-2032-5360-009058504D31}.Release|Any CPU.Build.0 = Release|Any CPU
	EndGlobalSection
	GlobalSection(SolutionProperties) = preSolution
		HideSolutionNode = FALSE
	EndGlobalSection
EndGlobal
